// !$*UTF8*$!
{
	archiveVersion = 1;
	classes = {
	};
	objectVersion = 46;
	objects = {

/* Begin PBXBuildFile section */
		1E058ABA1ECB3A2B00C0A0A8 /* main.m in Sources */ = {isa = PBXBuildFile; fileRef = 1E058AB91ECB3A2B00C0A0A8 /* main.m */; };
		1E058ABD1ECB3A2B00C0A0A8 /* AppDelegate.m in Sources */ = {isa = PBXBuildFile; fileRef = 1E058ABC1ECB3A2B00C0A0A8 /* AppDelegate.m */; };
		1E058AED1ECB3ADD00C0A0A8 /* BaseViewController.m in Sources */ = {isa = PBXBuildFile; fileRef = 1E058AD21ECB3ADD00C0A0A8 /* BaseViewController.m */; };
		1E058AF31ECB3ADD00C0A0A8 /* RevealViewController.m in Sources */ = {isa = PBXBuildFile; fileRef = 1E058AE01ECB3ADD00C0A0A8 /* RevealViewController.m */; };
		1E058AF51ECB3ADD00C0A0A8 /* Utils.m in Sources */ = {isa = PBXBuildFile; fileRef = 1E058AE61ECB3ADD00C0A0A8 /* Utils.m */; };
		1E058AF61ECB3ADD00C0A0A8 /* LaunchScreen.storyboard in Resources */ = {isa = PBXBuildFile; fileRef = 1E058AE81ECB3ADD00C0A0A8 /* LaunchScreen.storyboard */; };
		1E058AF71ECB3ADD00C0A0A8 /* Main.storyboard in Resources */ = {isa = PBXBuildFile; fileRef = 1E058AE91ECB3ADD00C0A0A8 /* Main.storyboard */; };
		1E058AF91ECB3ADD00C0A0A8 /* Menu.storyboard in Resources */ = {isa = PBXBuildFile; fileRef = 1E058AEB1ECB3ADD00C0A0A8 /* Menu.storyboard */; };
		1E058AFF1ECB3BF000C0A0A8 /* APMainViewController.m in Sources */ = {isa = PBXBuildFile; fileRef = 1E058AFE1ECB3BF000C0A0A8 /* APMainViewController.m */; };
		1E058B031ECB403B00C0A0A8 /* UIViewController+RevealViewController.m in Sources */ = {isa = PBXBuildFile; fileRef = 1E058B021ECB403B00C0A0A8 /* UIViewController+RevealViewController.m */; };
		1E058B051ECB42AA00C0A0A8 /* Localizable.strings in Resources */ = {isa = PBXBuildFile; fileRef = 1E058B041ECB42AA00C0A0A8 /* Localizable.strings */; };
		1E1667371ECD79A80033EBB6 /* APProjectDetailsViewController.m in Sources */ = {isa = PBXBuildFile; fileRef = 1E1667361ECD79A80033EBB6 /* APProjectDetailsViewController.m */; };
		1E16673A1ECD7B6E0033EBB6 /* APProjectDetailsTableViewCell.m in Sources */ = {isa = PBXBuildFile; fileRef = 1E1667391ECD7B6E0033EBB6 /* APProjectDetailsTableViewCell.m */; };
		1E16673E1ECD7DB70033EBB6 /* APProjectObject.m in Sources */ = {isa = PBXBuildFile; fileRef = 1E16673D1ECD7DB70033EBB6 /* APProjectObject.m */; };
		1E2571E81ECB72C900C6107D /* APProjectCollectionViewCell.m in Sources */ = {isa = PBXBuildFile; fileRef = 1E2571E71ECB72C900C6107D /* APProjectCollectionViewCell.m */; };
		1E2571EA1ECB72F100C6107D /* APProjectCollectionViewCell.xib in Resources */ = {isa = PBXBuildFile; fileRef = 1E2571E91ECB72F100C6107D /* APProjectCollectionViewCell.xib */; };
		1E285FAF1EDBFE0D0090F899 /* APProjectManager.m in Sources */ = {isa = PBXBuildFile; fileRef = 1E285FAE1EDBFE0D0090F899 /* APProjectManager.m */; };
		1E285FB31EDBFF520090F899 /* APNetworkHelper.m in Sources */ = {isa = PBXBuildFile; fileRef = 1E285FB21EDBFF520090F899 /* APNetworkHelper.m */; };
		1E285FB71EDC01EA0090F899 /* APRealmManager.m in Sources */ = {isa = PBXBuildFile; fileRef = 1E285FB61EDC01EA0090F899 /* APRealmManager.m */; };
		1E285FBA1EDC02DE0090F899 /* APUser.m in Sources */ = {isa = PBXBuildFile; fileRef = 1E285FB91EDC02DE0090F899 /* APUser.m */; };
		1E285FBD1EDC08A80090F899 /* NSString+AP.m in Sources */ = {isa = PBXBuildFile; fileRef = 1E285FBC1EDC08A80090F899 /* NSString+AP.m */; };
		1E285FC11EDC09040090F899 /* APUserManager.m in Sources */ = {isa = PBXBuildFile; fileRef = 1E285FC01EDC09040090F899 /* APUserManager.m */; };
		1E285FC51EDC095E0090F899 /* APKeychainManager.m in Sources */ = {isa = PBXBuildFile; fileRef = 1E285FC41EDC095E0090F899 /* APKeychainManager.m */; };
		1E34DDAB1EDE119B005CE73C /* UIAlertController+AP.m in Sources */ = {isa = PBXBuildFile; fileRef = 1E34DDAA1EDE119B005CE73C /* UIAlertController+AP.m */; };
		1E3C539B1EDC1A8200CDCC22 /* APImagesObject.m in Sources */ = {isa = PBXBuildFile; fileRef = 1E3C539A1EDC1A8200CDCC22 /* APImagesObject.m */; };
		1E3C539F1EDC339900CDCC22 /* APDownloadHelper.m in Sources */ = {isa = PBXBuildFile; fileRef = 1E3C539E1EDC339900CDCC22 /* APDownloadHelper.m */; };
		1E3C53A41EDC343A00CDCC22 /* APFileHelper.m in Sources */ = {isa = PBXBuildFile; fileRef = 1E3C53A31EDC343A00CDCC22 /* APFileHelper.m */; };
		1E3C53AB1EDC5E3100CDCC22 /* APProjectDetailsCollectionViewCell.m in Sources */ = {isa = PBXBuildFile; fileRef = 1E3C53AA1EDC5E3100CDCC22 /* APProjectDetailsCollectionViewCell.m */; };
		1E3C53AD1EDC5E3C00CDCC22 /* APProjectDetailsCollectionViewCell.xib in Resources */ = {isa = PBXBuildFile; fileRef = 1E3C53AC1EDC5E3C00CDCC22 /* APProjectDetailsCollectionViewCell.xib */; };
		1E5A0ADB1EDCAD1D004DEB1C /* APMenuViewController.m in Sources */ = {isa = PBXBuildFile; fileRef = 1E5A0ADA1EDCAD1D004DEB1C /* APMenuViewController.m */; };
		1E5A0ADE1EDCB0F8004DEB1C /* APMenuTableViewCell.m in Sources */ = {isa = PBXBuildFile; fileRef = 1E5A0ADD1EDCB0F8004DEB1C /* APMenuTableViewCell.m */; };
		1E5A0AE11EDCB336004DEB1C /* Start.storyboard in Resources */ = {isa = PBXBuildFile; fileRef = 1E5A0AE01EDCB336004DEB1C /* Start.storyboard */; };
		1E5A0AE41EDCB351004DEB1C /* APStartViewController.m in Sources */ = {isa = PBXBuildFile; fileRef = 1E5A0AE31EDCB351004DEB1C /* APStartViewController.m */; };
		1E5A0AE71EDCB586004DEB1C /* Cost.storyboard in Resources */ = {isa = PBXBuildFile; fileRef = 1E5A0AE61EDCB586004DEB1C /* Cost.storyboard */; };
		1E5A0AEA1EDCB5AD004DEB1C /* APCostViewController.m in Sources */ = {isa = PBXBuildFile; fileRef = 1E5A0AE91EDCB5AD004DEB1C /* APCostViewController.m */; };
		1E5A0B031EDCB7C2004DEB1C /* Question.storyboard in Resources */ = {isa = PBXBuildFile; fileRef = 1E5A0B021EDCB7C2004DEB1C /* Question.storyboard */; };
		1E5A0B051EDCB848004DEB1C /* MessageUI.framework in Frameworks */ = {isa = PBXBuildFile; fileRef = 1E5A0B041EDCB848004DEB1C /* MessageUI.framework */; };
		1E5A0B081EDCB856004DEB1C /* APQuestionViewController.m in Sources */ = {isa = PBXBuildFile; fileRef = 1E5A0B071EDCB856004DEB1C /* APQuestionViewController.m */; };
		1E5A0B0A1EDCBB6B004DEB1C /* Contact.storyboard in Resources */ = {isa = PBXBuildFile; fileRef = 1E5A0B091EDCBB6B004DEB1C /* Contact.storyboard */; };
		1E5A0B0D1EDCBBD9004DEB1C /* APContactViewController.m in Sources */ = {isa = PBXBuildFile; fileRef = 1E5A0B0C1EDCBBD9004DEB1C /* APContactViewController.m */; };
		1E5A0B1E1EDCC800004DEB1C /* Modals.storyboard in Resources */ = {isa = PBXBuildFile; fileRef = 1E5A0B0F1EDCC800004DEB1C /* Modals.storyboard */; };
		6E01EF491F792A0C0007AD11 /* FontHelper.m in Sources */ = {isa = PBXBuildFile; fileRef = 6E01EF481F792A0C0007AD11 /* FontHelper.m */; };
		6E01EF4C1F792AF30007AD11 /* NSObject+Smart.m in Sources */ = {isa = PBXBuildFile; fileRef = 6E01EF4B1F792AF30007AD11 /* NSObject+Smart.m */; };
		6E1FE7D11F3121D9007EC3C6 /* QuartzCore.framework in Frameworks */ = {isa = PBXBuildFile; fileRef = 6E1FE7D01F3121D9007EC3C6 /* QuartzCore.framework */; };
		6E239B971F305DE200B84B30 /* TabBar.storyboard in Resources */ = {isa = PBXBuildFile; fileRef = 6E239B961F305DE200B84B30 /* TabBar.storyboard */; };
		6E239B9B1F30761700B84B30 /* APTabBarViewController.m in Sources */ = {isa = PBXBuildFile; fileRef = 6E239B9A1F30761700B84B30 /* APTabBarViewController.m */; };
		6E2480F91FC83BF600B1AAF8 /* FormVC.m in Sources */ = {isa = PBXBuildFile; fileRef = 6E2480F81FC83BF600B1AAF8 /* FormVC.m */; };
		6E2F5F131F29C1CC00C5B30D /* APImage.m in Sources */ = {isa = PBXBuildFile; fileRef = 6E2F5F121F29C1CC00C5B30D /* APImage.m */; };
		6E57ADBD1FC2F26200A0D405 /* DesignRecommendsVC.m in Sources */ = {isa = PBXBuildFile; fileRef = 6E57ADBB1FC2F26200A0D405 /* DesignRecommendsVC.m */; };
		6E57ADBE1FC2F26200A0D405 /* DesignRecommendsVC.xib in Resources */ = {isa = PBXBuildFile; fileRef = 6E57ADBC1FC2F26200A0D405 /* DesignRecommendsVC.xib */; };
		6E5DCD271FBECECA002D21DD /* BuildingRecommendsCell.m in Sources */ = {isa = PBXBuildFile; fileRef = 6E5DCD251FBECECA002D21DD /* BuildingRecommendsCell.m */; };
		6E5DCD281FBECECA002D21DD /* BuildingRecommendsCell.xib in Resources */ = {isa = PBXBuildFile; fileRef = 6E5DCD261FBECECA002D21DD /* BuildingRecommendsCell.xib */; };
		6E5DCD2B1FBED127002D21DD /* RecommendationsManager.m in Sources */ = {isa = PBXBuildFile; fileRef = 6E5DCD2A1FBED127002D21DD /* RecommendationsManager.m */; };
		6E5DCD2E1FBED1BE002D21DD /* RecommendationObject.m in Sources */ = {isa = PBXBuildFile; fileRef = 6E5DCD2D1FBED1BE002D21DD /* RecommendationObject.m */; };
		6E5E337B1F7A32B5002BF588 /* PicturesViewController.m in Sources */ = {isa = PBXBuildFile; fileRef = 6E5E337A1F7A32B5002BF588 /* PicturesViewController.m */; };
		6E5E337E1F7A3D22002BF588 /* UIImage+Smart.m in Sources */ = {isa = PBXBuildFile; fileRef = 6E5E337D1F7A3D22002BF588 /* UIImage+Smart.m */; };
		6E5E33811F7A3F98002BF588 /* UserImage.m in Sources */ = {isa = PBXBuildFile; fileRef = 6E5E33801F7A3F98002BF588 /* UserImage.m */; };
		6E645D241FBD6405005BBE37 /* RecommendationsVC.m in Sources */ = {isa = PBXBuildFile; fileRef = 6E645D221FBD6405005BBE37 /* RecommendationsVC.m */; };
		6E645D721FBDB53F005BBE37 /* a.jpg in Resources */ = {isa = PBXBuildFile; fileRef = 6E645D661FBDB53F005BBE37 /* a.jpg */; };
		6E645D731FBDB53F005BBE37 /* b.jpg in Resources */ = {isa = PBXBuildFile; fileRef = 6E645D671FBDB53F005BBE37 /* b.jpg */; };
		6E645D741FBDB53F005BBE37 /* background.jpg in Resources */ = {isa = PBXBuildFile; fileRef = 6E645D681FBDB53F005BBE37 /* background.jpg */; };
		6E645D751FBDB53F005BBE37 /* c.jpg in Resources */ = {isa = PBXBuildFile; fileRef = 6E645D691FBDB53F005BBE37 /* c.jpg */; };
		6E645D761FBDB53F005BBE37 /* d.jpg in Resources */ = {isa = PBXBuildFile; fileRef = 6E645D6A1FBDB53F005BBE37 /* d.jpg */; };
		6E645D771FBDB53F005BBE37 /* e.jpg in Resources */ = {isa = PBXBuildFile; fileRef = 6E645D6B1FBDB53F005BBE37 /* e.jpg */; };
		6E645D781FBDB53F005BBE37 /* f.jpg in Resources */ = {isa = PBXBuildFile; fileRef = 6E645D6C1FBDB53F005BBE37 /* f.jpg */; };
		6E645D791FBDB53F005BBE37 /* g.jpg in Resources */ = {isa = PBXBuildFile; fileRef = 6E645D6D1FBDB53F005BBE37 /* g.jpg */; };
		6E645D7A1FBDB53F005BBE37 /* h.jpg in Resources */ = {isa = PBXBuildFile; fileRef = 6E645D6E1FBDB53F005BBE37 /* h.jpg */; };
		6E645D7B1FBDB53F005BBE37 /* i.jpg in Resources */ = {isa = PBXBuildFile; fileRef = 6E645D6F1FBDB53F005BBE37 /* i.jpg */; };
		6E645D7C1FBDB53F005BBE37 /* j.jpg in Resources */ = {isa = PBXBuildFile; fileRef = 6E645D701FBDB53F005BBE37 /* j.jpg */; };
		6E645D7D1FBDB53F005BBE37 /* name_list.json in Resources */ = {isa = PBXBuildFile; fileRef = 6E645D711FBDB53F005BBE37 /* name_list.json */; };
		6E645DD61FBDC0C0005BBE37 /* Info.plist in Resources */ = {isa = PBXBuildFile; fileRef = 6E645DD31FBDC0BF005BBE37 /* Info.plist */; };
		6E645DD71FBDC0C0005BBE37 /* GoogleService-Info.plist in Resources */ = {isa = PBXBuildFile; fileRef = 6E645DD41FBDC0BF005BBE37 /* GoogleService-Info.plist */; };
		6E645DD81FBDC0C0005BBE37 /* Assets.xcassets in Resources */ = {isa = PBXBuildFile; fileRef = 6E645DD51FBDC0C0005BBE37 /* Assets.xcassets */; };
		6E645DE91FBDC0D3005BBE37 /* stackbox_bottom.png in Resources */ = {isa = PBXBuildFile; fileRef = 6E645DDE1FBDC0D3005BBE37 /* stackbox_bottom.png */; };
		6E645DEA1FBDC0D3005BBE37 /* stackbox_bottom@2x.png in Resources */ = {isa = PBXBuildFile; fileRef = 6E645DDF1FBDC0D3005BBE37 /* stackbox_bottom@2x.png */; };
		6E645DEB1FBDC0D3005BBE37 /* stackbox_card.png in Resources */ = {isa = PBXBuildFile; fileRef = 6E645DE01FBDC0D3005BBE37 /* stackbox_card.png */; };
		6E645DEC1FBDC0D3005BBE37 /* stackbox_card@2x.png in Resources */ = {isa = PBXBuildFile; fileRef = 6E645DE11FBDC0D3005BBE37 /* stackbox_card@2x.png */; };
		6E645DED1FBDC0D3005BBE37 /* stackbox_card_2.png in Resources */ = {isa = PBXBuildFile; fileRef = 6E645DE21FBDC0D3005BBE37 /* stackbox_card_2.png */; };
		6E645DEE1FBDC0D3005BBE37 /* stackbox_card_2@2x.png in Resources */ = {isa = PBXBuildFile; fileRef = 6E645DE31FBDC0D3005BBE37 /* stackbox_card_2@2x.png */; };
		6E645DEF1FBDC0D3005BBE37 /* stackbox_card_3.png in Resources */ = {isa = PBXBuildFile; fileRef = 6E645DE41FBDC0D3005BBE37 /* stackbox_card_3.png */; };
		6E645DF01FBDC0D3005BBE37 /* stackbox_card_3@2x.png in Resources */ = {isa = PBXBuildFile; fileRef = 6E645DE51FBDC0D3005BBE37 /* stackbox_card_3@2x.png */; };
		6E645DF11FBDC0D3005BBE37 /* stackbox_top.png in Resources */ = {isa = PBXBuildFile; fileRef = 6E645DE61FBDC0D3005BBE37 /* stackbox_top.png */; };
		6E645DF21FBDC0D3005BBE37 /* stackbox_top@2x.png in Resources */ = {isa = PBXBuildFile; fileRef = 6E645DE71FBDC0D3005BBE37 /* stackbox_top@2x.png */; };
		6E645DF61FBDC444005BBE37 /* BuildingRecommendationsVC.m in Sources */ = {isa = PBXBuildFile; fileRef = 6E645DF41FBDC444005BBE37 /* BuildingRecommendationsVC.m */; };
		6E645DF71FBDC444005BBE37 /* BuildingRecommendationsVC.xib in Resources */ = {isa = PBXBuildFile; fileRef = 6E645DF51FBDC444005BBE37 /* BuildingRecommendationsVC.xib */; };
		6E6928351F7BA81800E83306 /* PictureCollectionViewCell.m in Sources */ = {isa = PBXBuildFile; fileRef = 6E6928331F7BA81800E83306 /* PictureCollectionViewCell.m */; };
		6E6928361F7BA81800E83306 /* PictureCollectionViewCell.xib in Resources */ = {isa = PBXBuildFile; fileRef = 6E6928341F7BA81800E83306 /* PictureCollectionViewCell.xib */; };
		6E6E7FE91FCC07ED0026554A /* FormDataSource.m in Sources */ = {isa = PBXBuildFile; fileRef = 6E6E7FE81FCC07ED0026554A /* FormDataSource.m */; };
		6E6E7FEC1FCC09BC0026554A /* FormCell.m in Sources */ = {isa = PBXBuildFile; fileRef = 6E6E7FEB1FCC09BC0026554A /* FormCell.m */; };
		6E7B43541F43392100703EE1 /* ModalViewController.m in Sources */ = {isa = PBXBuildFile; fileRef = 1E5A0B111EDCC800004DEB1C /* ModalViewController.m */; };
		6E7B43551F43392400703EE1 /* SimpleModalVC.m in Sources */ = {isa = PBXBuildFile; fileRef = 1E5A0B151EDCC800004DEB1C /* SimpleModalVC.m */; };
		6E7B43561F43392600703EE1 /* SimpleYesNoModalVC.m in Sources */ = {isa = PBXBuildFile; fileRef = 1E5A0B171EDCC800004DEB1C /* SimpleYesNoModalVC.m */; };
		6E7B43571F43392900703EE1 /* ModalCollectionVC.m in Sources */ = {isa = PBXBuildFile; fileRef = 6E7B43521F43340B00703EE1 /* ModalCollectionVC.m */; };
		6E7B43581F43392B00703EE1 /* UIViewController+ShowModal.m in Sources */ = {isa = PBXBuildFile; fileRef = 1E5A0B1B1EDCC800004DEB1C /* UIViewController+ShowModal.m */; };
		6E7B435C1F4351DC00703EE1 /* APModalCollectionViewCell.m in Sources */ = {isa = PBXBuildFile; fileRef = 6E7B435A1F4351DC00703EE1 /* APModalCollectionViewCell.m */; };
		6E7B435D1F4351DC00703EE1 /* APModalCollectionViewCell.xib in Resources */ = {isa = PBXBuildFile; fileRef = 6E7B435B1F4351DC00703EE1 /* APModalCollectionViewCell.xib */; };
		6E81176D1FCD56450025F174 /* DesignObject.m in Sources */ = {isa = PBXBuildFile; fileRef = 6E81176C1FCD56450025F174 /* DesignObject.m */; };
		6E8117711FCD58DC0025F174 /* DesignRecommendsCell.m in Sources */ = {isa = PBXBuildFile; fileRef = 6E81176F1FCD58DC0025F174 /* DesignRecommendsCell.m */; };
		6E8117721FCD58DC0025F174 /* DesignRecommendsCell.xib in Resources */ = {isa = PBXBuildFile; fileRef = 6E8117701FCD58DC0025F174 /* DesignRecommendsCell.xib */; };
		6EB4D8371F78D89800368A20 /* DropMenuView.m in Sources */ = {isa = PBXBuildFile; fileRef = 6EB4D8361F78D89800368A20 /* DropMenuView.m */; };
		6EB4D8391F78D8A600368A20 /* DropMenuView.xib in Resources */ = {isa = PBXBuildFile; fileRef = 6EB4D8381F78D8A600368A20 /* DropMenuView.xib */; };
		6EB4D83C1F78DC7D00368A20 /* UIImageView+Rotation.m in Sources */ = {isa = PBXBuildFile; fileRef = 6EB4D83B1F78DC7D00368A20 /* UIImageView+Rotation.m */; };
		6EB4D83F1F78DE0A00368A20 /* CustomButton.m in Sources */ = {isa = PBXBuildFile; fileRef = 6EB4D83E1F78DE0A00368A20 /* CustomButton.m */; };
		6EB4D8431F78F1E700368A20 /* FilterTableViewController.m in Sources */ = {isa = PBXBuildFile; fileRef = 6EB4D8421F78F1E700368A20 /* FilterTableViewController.m */; };
		6EEA733B1F42D3FC000EA52E /* APMapViewController.m in Sources */ = {isa = PBXBuildFile; fileRef = 6EEA733A1F42D3FC000EA52E /* APMapViewController.m */; };
		6EEA733E1F42F1D1000EA52E /* APLocationManager.m in Sources */ = {isa = PBXBuildFile; fileRef = 6EEA733D1F42F1D1000EA52E /* APLocationManager.m */; };
		6EED5FFB1F438551007FB771 /* UIColor+App.m in Sources */ = {isa = PBXBuildFile; fileRef = 6EED5FFA1F438551007FB771 /* UIColor+App.m */; };
		8BD22D9B7C62CA3294488662 /* libPods-ArchitectureProjects.a in Frameworks */ = {isa = PBXBuildFile; fileRef = AA7F05027F49CB619768E592 /* libPods-ArchitectureProjects.a */; };
/* End PBXBuildFile section */

/* Begin PBXFileReference section */
		1E058AB51ECB3A2A00C0A0A8 /* ArchitectureProjects.app */ = {isa = PBXFileReference; explicitFileType = wrapper.application; includeInIndex = 0; path = ArchitectureProjects.app; sourceTree = BUILT_PRODUCTS_DIR; };
		1E058AB91ECB3A2B00C0A0A8 /* main.m */ = {isa = PBXFileReference; lastKnownFileType = sourcecode.c.objc; path = main.m; sourceTree = "<group>"; };
		1E058ABB1ECB3A2B00C0A0A8 /* AppDelegate.h */ = {isa = PBXFileReference; lastKnownFileType = sourcecode.c.h; path = AppDelegate.h; sourceTree = "<group>"; };
		1E058ABC1ECB3A2B00C0A0A8 /* AppDelegate.m */ = {isa = PBXFileReference; lastKnownFileType = sourcecode.c.objc; path = AppDelegate.m; sourceTree = "<group>"; };
		1E058AD11ECB3ADD00C0A0A8 /* BaseViewController.h */ = {isa = PBXFileReference; fileEncoding = 4; lastKnownFileType = sourcecode.c.h; path = BaseViewController.h; sourceTree = "<group>"; };
		1E058AD21ECB3ADD00C0A0A8 /* BaseViewController.m */ = {isa = PBXFileReference; fileEncoding = 4; lastKnownFileType = sourcecode.c.objc; path = BaseViewController.m; sourceTree = "<group>"; };
		1E058ADF1ECB3ADD00C0A0A8 /* RevealViewController.h */ = {isa = PBXFileReference; fileEncoding = 4; lastKnownFileType = sourcecode.c.h; path = RevealViewController.h; sourceTree = "<group>"; };
		1E058AE01ECB3ADD00C0A0A8 /* RevealViewController.m */ = {isa = PBXFileReference; fileEncoding = 4; lastKnownFileType = sourcecode.c.objc; path = RevealViewController.m; sourceTree = "<group>"; };
		1E058AE21ECB3ADD00C0A0A8 /* Macros.h */ = {isa = PBXFileReference; fileEncoding = 4; lastKnownFileType = sourcecode.c.h; path = Macros.h; sourceTree = "<group>"; };
		1E058AE51ECB3ADD00C0A0A8 /* Utils.h */ = {isa = PBXFileReference; fileEncoding = 4; lastKnownFileType = sourcecode.c.h; path = Utils.h; sourceTree = "<group>"; };
		1E058AE61ECB3ADD00C0A0A8 /* Utils.m */ = {isa = PBXFileReference; fileEncoding = 4; lastKnownFileType = sourcecode.c.objc; path = Utils.m; sourceTree = "<group>"; };
		1E058AE81ECB3ADD00C0A0A8 /* LaunchScreen.storyboard */ = {isa = PBXFileReference; fileEncoding = 4; lastKnownFileType = file.storyboard; path = LaunchScreen.storyboard; sourceTree = "<group>"; };
		1E058AE91ECB3ADD00C0A0A8 /* Main.storyboard */ = {isa = PBXFileReference; fileEncoding = 4; lastKnownFileType = file.storyboard; path = Main.storyboard; sourceTree = "<group>"; };
		1E058AEB1ECB3ADD00C0A0A8 /* Menu.storyboard */ = {isa = PBXFileReference; fileEncoding = 4; lastKnownFileType = file.storyboard; path = Menu.storyboard; sourceTree = "<group>"; };
		1E058AFD1ECB3BF000C0A0A8 /* APMainViewController.h */ = {isa = PBXFileReference; fileEncoding = 4; lastKnownFileType = sourcecode.c.h; path = APMainViewController.h; sourceTree = "<group>"; };
		1E058AFE1ECB3BF000C0A0A8 /* APMainViewController.m */ = {isa = PBXFileReference; fileEncoding = 4; lastKnownFileType = sourcecode.c.objc; path = APMainViewController.m; sourceTree = "<group>"; };
		1E058B011ECB403B00C0A0A8 /* UIViewController+RevealViewController.h */ = {isa = PBXFileReference; fileEncoding = 4; lastKnownFileType = sourcecode.c.h; path = "UIViewController+RevealViewController.h"; sourceTree = "<group>"; };
		1E058B021ECB403B00C0A0A8 /* UIViewController+RevealViewController.m */ = {isa = PBXFileReference; fileEncoding = 4; lastKnownFileType = sourcecode.c.objc; path = "UIViewController+RevealViewController.m"; sourceTree = "<group>"; };
		1E058B041ECB42AA00C0A0A8 /* Localizable.strings */ = {isa = PBXFileReference; fileEncoding = 4; lastKnownFileType = text.plist.strings; path = Localizable.strings; sourceTree = "<group>"; };
		1E1667351ECD79A80033EBB6 /* APProjectDetailsViewController.h */ = {isa = PBXFileReference; fileEncoding = 4; lastKnownFileType = sourcecode.c.h; path = APProjectDetailsViewController.h; sourceTree = "<group>"; };
		1E1667361ECD79A80033EBB6 /* APProjectDetailsViewController.m */ = {isa = PBXFileReference; fileEncoding = 4; lastKnownFileType = sourcecode.c.objc; path = APProjectDetailsViewController.m; sourceTree = "<group>"; };
		1E1667381ECD7B6E0033EBB6 /* APProjectDetailsTableViewCell.h */ = {isa = PBXFileReference; fileEncoding = 4; lastKnownFileType = sourcecode.c.h; path = APProjectDetailsTableViewCell.h; sourceTree = "<group>"; };
		1E1667391ECD7B6E0033EBB6 /* APProjectDetailsTableViewCell.m */ = {isa = PBXFileReference; fileEncoding = 4; lastKnownFileType = sourcecode.c.objc; path = APProjectDetailsTableViewCell.m; sourceTree = "<group>"; };
		1E16673C1ECD7DB70033EBB6 /* APProjectObject.h */ = {isa = PBXFileReference; fileEncoding = 4; lastKnownFileType = sourcecode.c.h; path = APProjectObject.h; sourceTree = "<group>"; };
		1E16673D1ECD7DB70033EBB6 /* APProjectObject.m */ = {isa = PBXFileReference; fileEncoding = 4; lastKnownFileType = sourcecode.c.objc; path = APProjectObject.m; sourceTree = "<group>"; };
		1E2571E61ECB72C900C6107D /* APProjectCollectionViewCell.h */ = {isa = PBXFileReference; fileEncoding = 4; lastKnownFileType = sourcecode.c.h; path = APProjectCollectionViewCell.h; sourceTree = "<group>"; };
		1E2571E71ECB72C900C6107D /* APProjectCollectionViewCell.m */ = {isa = PBXFileReference; fileEncoding = 4; lastKnownFileType = sourcecode.c.objc; path = APProjectCollectionViewCell.m; sourceTree = "<group>"; };
		1E2571E91ECB72F100C6107D /* APProjectCollectionViewCell.xib */ = {isa = PBXFileReference; fileEncoding = 4; lastKnownFileType = file.xib; path = APProjectCollectionViewCell.xib; sourceTree = "<group>"; };
		1E2571EB1ECB849000C6107D /* APConstants.h */ = {isa = PBXFileReference; fileEncoding = 4; lastKnownFileType = sourcecode.c.h; path = APConstants.h; sourceTree = "<group>"; };
		1E285FAD1EDBFE0D0090F899 /* APProjectManager.h */ = {isa = PBXFileReference; fileEncoding = 4; lastKnownFileType = sourcecode.c.h; path = APProjectManager.h; sourceTree = "<group>"; };
		1E285FAE1EDBFE0D0090F899 /* APProjectManager.m */ = {isa = PBXFileReference; fileEncoding = 4; lastKnownFileType = sourcecode.c.objc; path = APProjectManager.m; sourceTree = "<group>"; };
		1E285FB11EDBFF520090F899 /* APNetworkHelper.h */ = {isa = PBXFileReference; fileEncoding = 4; lastKnownFileType = sourcecode.c.h; path = APNetworkHelper.h; sourceTree = "<group>"; };
		1E285FB21EDBFF520090F899 /* APNetworkHelper.m */ = {isa = PBXFileReference; fileEncoding = 4; lastKnownFileType = sourcecode.c.objc; path = APNetworkHelper.m; sourceTree = "<group>"; };
		1E285FB51EDC01EA0090F899 /* APRealmManager.h */ = {isa = PBXFileReference; fileEncoding = 4; lastKnownFileType = sourcecode.c.h; path = APRealmManager.h; sourceTree = "<group>"; };
		1E285FB61EDC01EA0090F899 /* APRealmManager.m */ = {isa = PBXFileReference; fileEncoding = 4; lastKnownFileType = sourcecode.c.objc; path = APRealmManager.m; sourceTree = "<group>"; };
		1E285FB81EDC02DE0090F899 /* APUser.h */ = {isa = PBXFileReference; fileEncoding = 4; lastKnownFileType = sourcecode.c.h; path = APUser.h; sourceTree = "<group>"; };
		1E285FB91EDC02DE0090F899 /* APUser.m */ = {isa = PBXFileReference; fileEncoding = 4; lastKnownFileType = sourcecode.c.objc; path = APUser.m; sourceTree = "<group>"; };
		1E285FBB1EDC08A80090F899 /* NSString+AP.h */ = {isa = PBXFileReference; fileEncoding = 4; lastKnownFileType = sourcecode.c.h; path = "NSString+AP.h"; sourceTree = "<group>"; };
		1E285FBC1EDC08A80090F899 /* NSString+AP.m */ = {isa = PBXFileReference; fileEncoding = 4; lastKnownFileType = sourcecode.c.objc; path = "NSString+AP.m"; sourceTree = "<group>"; };
		1E285FBF1EDC09040090F899 /* APUserManager.h */ = {isa = PBXFileReference; fileEncoding = 4; lastKnownFileType = sourcecode.c.h; path = APUserManager.h; sourceTree = "<group>"; };
		1E285FC01EDC09040090F899 /* APUserManager.m */ = {isa = PBXFileReference; fileEncoding = 4; lastKnownFileType = sourcecode.c.objc; path = APUserManager.m; sourceTree = "<group>"; };
		1E285FC31EDC095E0090F899 /* APKeychainManager.h */ = {isa = PBXFileReference; fileEncoding = 4; lastKnownFileType = sourcecode.c.h; path = APKeychainManager.h; sourceTree = "<group>"; };
		1E285FC41EDC095E0090F899 /* APKeychainManager.m */ = {isa = PBXFileReference; fileEncoding = 4; lastKnownFileType = sourcecode.c.objc; path = APKeychainManager.m; sourceTree = "<group>"; };
		1E34DDA91EDE119B005CE73C /* UIAlertController+AP.h */ = {isa = PBXFileReference; fileEncoding = 4; lastKnownFileType = sourcecode.c.h; path = "UIAlertController+AP.h"; sourceTree = "<group>"; };
		1E34DDAA1EDE119B005CE73C /* UIAlertController+AP.m */ = {isa = PBXFileReference; fileEncoding = 4; lastKnownFileType = sourcecode.c.objc; path = "UIAlertController+AP.m"; sourceTree = "<group>"; };
		1E3C53991EDC1A8200CDCC22 /* APImagesObject.h */ = {isa = PBXFileReference; fileEncoding = 4; lastKnownFileType = sourcecode.c.h; path = APImagesObject.h; sourceTree = "<group>"; };
		1E3C539A1EDC1A8200CDCC22 /* APImagesObject.m */ = {isa = PBXFileReference; fileEncoding = 4; lastKnownFileType = sourcecode.c.objc; path = APImagesObject.m; sourceTree = "<group>"; };
		1E3C539D1EDC339900CDCC22 /* APDownloadHelper.h */ = {isa = PBXFileReference; fileEncoding = 4; lastKnownFileType = sourcecode.c.h; path = APDownloadHelper.h; sourceTree = "<group>"; };
		1E3C539E1EDC339900CDCC22 /* APDownloadHelper.m */ = {isa = PBXFileReference; fileEncoding = 4; lastKnownFileType = sourcecode.c.objc; path = APDownloadHelper.m; sourceTree = "<group>"; };
		1E3C53A21EDC343A00CDCC22 /* APFileHelper.h */ = {isa = PBXFileReference; fileEncoding = 4; lastKnownFileType = sourcecode.c.h; path = APFileHelper.h; sourceTree = "<group>"; };
		1E3C53A31EDC343A00CDCC22 /* APFileHelper.m */ = {isa = PBXFileReference; fileEncoding = 4; lastKnownFileType = sourcecode.c.objc; path = APFileHelper.m; sourceTree = "<group>"; };
		1E3C53A91EDC5E3100CDCC22 /* APProjectDetailsCollectionViewCell.h */ = {isa = PBXFileReference; fileEncoding = 4; lastKnownFileType = sourcecode.c.h; path = APProjectDetailsCollectionViewCell.h; sourceTree = "<group>"; };
		1E3C53AA1EDC5E3100CDCC22 /* APProjectDetailsCollectionViewCell.m */ = {isa = PBXFileReference; fileEncoding = 4; lastKnownFileType = sourcecode.c.objc; path = APProjectDetailsCollectionViewCell.m; sourceTree = "<group>"; };
		1E3C53AC1EDC5E3C00CDCC22 /* APProjectDetailsCollectionViewCell.xib */ = {isa = PBXFileReference; fileEncoding = 4; lastKnownFileType = file.xib; path = APProjectDetailsCollectionViewCell.xib; sourceTree = "<group>"; };
		1E5A0AD91EDCAD1D004DEB1C /* APMenuViewController.h */ = {isa = PBXFileReference; fileEncoding = 4; lastKnownFileType = sourcecode.c.h; path = APMenuViewController.h; sourceTree = "<group>"; };
		1E5A0ADA1EDCAD1D004DEB1C /* APMenuViewController.m */ = {isa = PBXFileReference; fileEncoding = 4; lastKnownFileType = sourcecode.c.objc; path = APMenuViewController.m; sourceTree = "<group>"; };
		1E5A0ADC1EDCB0F8004DEB1C /* APMenuTableViewCell.h */ = {isa = PBXFileReference; fileEncoding = 4; lastKnownFileType = sourcecode.c.h; path = APMenuTableViewCell.h; sourceTree = "<group>"; };
		1E5A0ADD1EDCB0F8004DEB1C /* APMenuTableViewCell.m */ = {isa = PBXFileReference; fileEncoding = 4; lastKnownFileType = sourcecode.c.objc; path = APMenuTableViewCell.m; sourceTree = "<group>"; };
		1E5A0AE01EDCB336004DEB1C /* Start.storyboard */ = {isa = PBXFileReference; fileEncoding = 4; lastKnownFileType = file.storyboard; path = Start.storyboard; sourceTree = "<group>"; };
		1E5A0AE21EDCB351004DEB1C /* APStartViewController.h */ = {isa = PBXFileReference; fileEncoding = 4; lastKnownFileType = sourcecode.c.h; path = APStartViewController.h; sourceTree = "<group>"; };
		1E5A0AE31EDCB351004DEB1C /* APStartViewController.m */ = {isa = PBXFileReference; fileEncoding = 4; lastKnownFileType = sourcecode.c.objc; path = APStartViewController.m; sourceTree = "<group>"; };
		1E5A0AE61EDCB586004DEB1C /* Cost.storyboard */ = {isa = PBXFileReference; fileEncoding = 4; lastKnownFileType = file.storyboard; path = Cost.storyboard; sourceTree = "<group>"; };
		1E5A0AE81EDCB5AD004DEB1C /* APCostViewController.h */ = {isa = PBXFileReference; fileEncoding = 4; lastKnownFileType = sourcecode.c.h; path = APCostViewController.h; sourceTree = "<group>"; };
		1E5A0AE91EDCB5AD004DEB1C /* APCostViewController.m */ = {isa = PBXFileReference; fileEncoding = 4; lastKnownFileType = sourcecode.c.objc; path = APCostViewController.m; sourceTree = "<group>"; };
		1E5A0B021EDCB7C2004DEB1C /* Question.storyboard */ = {isa = PBXFileReference; fileEncoding = 4; lastKnownFileType = file.storyboard; path = Question.storyboard; sourceTree = "<group>"; };
		1E5A0B041EDCB848004DEB1C /* MessageUI.framework */ = {isa = PBXFileReference; lastKnownFileType = wrapper.framework; name = MessageUI.framework; path = System/Library/Frameworks/MessageUI.framework; sourceTree = SDKROOT; };
		1E5A0B061EDCB856004DEB1C /* APQuestionViewController.h */ = {isa = PBXFileReference; fileEncoding = 4; lastKnownFileType = sourcecode.c.h; path = APQuestionViewController.h; sourceTree = "<group>"; };
		1E5A0B071EDCB856004DEB1C /* APQuestionViewController.m */ = {isa = PBXFileReference; fileEncoding = 4; lastKnownFileType = sourcecode.c.objc; path = APQuestionViewController.m; sourceTree = "<group>"; };
		1E5A0B091EDCBB6B004DEB1C /* Contact.storyboard */ = {isa = PBXFileReference; fileEncoding = 4; lastKnownFileType = file.storyboard; path = Contact.storyboard; sourceTree = "<group>"; };
		1E5A0B0B1EDCBBD9004DEB1C /* APContactViewController.h */ = {isa = PBXFileReference; fileEncoding = 4; lastKnownFileType = sourcecode.c.h; path = APContactViewController.h; sourceTree = "<group>"; };
		1E5A0B0C1EDCBBD9004DEB1C /* APContactViewController.m */ = {isa = PBXFileReference; fileEncoding = 4; lastKnownFileType = sourcecode.c.objc; path = APContactViewController.m; sourceTree = "<group>"; };
		1E5A0B0F1EDCC800004DEB1C /* Modals.storyboard */ = {isa = PBXFileReference; fileEncoding = 4; lastKnownFileType = file.storyboard; path = Modals.storyboard; sourceTree = "<group>"; };
		1E5A0B101EDCC800004DEB1C /* ModalViewController.h */ = {isa = PBXFileReference; fileEncoding = 4; lastKnownFileType = sourcecode.c.h; path = ModalViewController.h; sourceTree = "<group>"; };
		1E5A0B111EDCC800004DEB1C /* ModalViewController.m */ = {isa = PBXFileReference; fileEncoding = 4; lastKnownFileType = sourcecode.c.objc; path = ModalViewController.m; sourceTree = "<group>"; };
		1E5A0B141EDCC800004DEB1C /* SimpleModalVC.h */ = {isa = PBXFileReference; fileEncoding = 4; lastKnownFileType = sourcecode.c.h; path = SimpleModalVC.h; sourceTree = "<group>"; };
		1E5A0B151EDCC800004DEB1C /* SimpleModalVC.m */ = {isa = PBXFileReference; fileEncoding = 4; lastKnownFileType = sourcecode.c.objc; path = SimpleModalVC.m; sourceTree = "<group>"; };
		1E5A0B161EDCC800004DEB1C /* SimpleYesNoModalVC.h */ = {isa = PBXFileReference; fileEncoding = 4; lastKnownFileType = sourcecode.c.h; path = SimpleYesNoModalVC.h; sourceTree = "<group>"; };
		1E5A0B171EDCC800004DEB1C /* SimpleYesNoModalVC.m */ = {isa = PBXFileReference; fileEncoding = 4; lastKnownFileType = sourcecode.c.objc; path = SimpleYesNoModalVC.m; sourceTree = "<group>"; };
		1E5A0B1A1EDCC800004DEB1C /* UIViewController+ShowModal.h */ = {isa = PBXFileReference; fileEncoding = 4; lastKnownFileType = sourcecode.c.h; path = "UIViewController+ShowModal.h"; sourceTree = "<group>"; };
		1E5A0B1B1EDCC800004DEB1C /* UIViewController+ShowModal.m */ = {isa = PBXFileReference; fileEncoding = 4; lastKnownFileType = sourcecode.c.objc; path = "UIViewController+ShowModal.m"; sourceTree = "<group>"; };
		342321D58C6FD923269C5F1B /* Pods-ArchitectureProjects.debug.xcconfig */ = {isa = PBXFileReference; includeInIndex = 1; lastKnownFileType = text.xcconfig; name = "Pods-ArchitectureProjects.debug.xcconfig"; path = "Pods/Target Support Files/Pods-ArchitectureProjects/Pods-ArchitectureProjects.debug.xcconfig"; sourceTree = "<group>"; };
		6E01EF471F792A0C0007AD11 /* FontHelper.h */ = {isa = PBXFileReference; fileEncoding = 4; lastKnownFileType = sourcecode.c.h; path = FontHelper.h; sourceTree = "<group>"; };
		6E01EF481F792A0C0007AD11 /* FontHelper.m */ = {isa = PBXFileReference; fileEncoding = 4; lastKnownFileType = sourcecode.c.objc; path = FontHelper.m; sourceTree = "<group>"; };
		6E01EF4A1F792AF30007AD11 /* NSObject+Smart.h */ = {isa = PBXFileReference; lastKnownFileType = sourcecode.c.h; path = "NSObject+Smart.h"; sourceTree = "<group>"; };
		6E01EF4B1F792AF30007AD11 /* NSObject+Smart.m */ = {isa = PBXFileReference; lastKnownFileType = sourcecode.c.objc; path = "NSObject+Smart.m"; sourceTree = "<group>"; };
		6E1FE7D01F3121D9007EC3C6 /* QuartzCore.framework */ = {isa = PBXFileReference; lastKnownFileType = wrapper.framework; name = QuartzCore.framework; path = System/Library/Frameworks/QuartzCore.framework; sourceTree = SDKROOT; };
		6E239B961F305DE200B84B30 /* TabBar.storyboard */ = {isa = PBXFileReference; fileEncoding = 4; lastKnownFileType = file.storyboard; path = TabBar.storyboard; sourceTree = "<group>"; };
		6E239B991F30761700B84B30 /* APTabBarViewController.h */ = {isa = PBXFileReference; fileEncoding = 4; lastKnownFileType = sourcecode.c.h; path = APTabBarViewController.h; sourceTree = "<group>"; };
		6E239B9A1F30761700B84B30 /* APTabBarViewController.m */ = {isa = PBXFileReference; fileEncoding = 4; lastKnownFileType = sourcecode.c.objc; path = APTabBarViewController.m; sourceTree = "<group>"; };
		6E2480F71FC83BF600B1AAF8 /* FormVC.h */ = {isa = PBXFileReference; lastKnownFileType = sourcecode.c.h; path = FormVC.h; sourceTree = "<group>"; };
		6E2480F81FC83BF600B1AAF8 /* FormVC.m */ = {isa = PBXFileReference; lastKnownFileType = sourcecode.c.objc; path = FormVC.m; sourceTree = "<group>"; };
		6E2F5F111F29C1CC00C5B30D /* APImage.h */ = {isa = PBXFileReference; fileEncoding = 4; lastKnownFileType = sourcecode.c.h; path = APImage.h; sourceTree = "<group>"; };
		6E2F5F121F29C1CC00C5B30D /* APImage.m */ = {isa = PBXFileReference; fileEncoding = 4; lastKnownFileType = sourcecode.c.objc; path = APImage.m; sourceTree = "<group>"; };
		6E57ADBA1FC2F26200A0D405 /* DesignRecommendsVC.h */ = {isa = PBXFileReference; lastKnownFileType = sourcecode.c.h; path = DesignRecommendsVC.h; sourceTree = "<group>"; };
		6E57ADBB1FC2F26200A0D405 /* DesignRecommendsVC.m */ = {isa = PBXFileReference; lastKnownFileType = sourcecode.c.objc; path = DesignRecommendsVC.m; sourceTree = "<group>"; };
		6E57ADBC1FC2F26200A0D405 /* DesignRecommendsVC.xib */ = {isa = PBXFileReference; lastKnownFileType = file.xib; path = DesignRecommendsVC.xib; sourceTree = "<group>"; };
		6E5DCD241FBECECA002D21DD /* BuildingRecommendsCell.h */ = {isa = PBXFileReference; lastKnownFileType = sourcecode.c.h; path = BuildingRecommendsCell.h; sourceTree = "<group>"; };
		6E5DCD251FBECECA002D21DD /* BuildingRecommendsCell.m */ = {isa = PBXFileReference; lastKnownFileType = sourcecode.c.objc; path = BuildingRecommendsCell.m; sourceTree = "<group>"; };
		6E5DCD261FBECECA002D21DD /* BuildingRecommendsCell.xib */ = {isa = PBXFileReference; lastKnownFileType = file.xib; path = BuildingRecommendsCell.xib; sourceTree = "<group>"; };
		6E5DCD291FBED127002D21DD /* RecommendationsManager.h */ = {isa = PBXFileReference; lastKnownFileType = sourcecode.c.h; path = RecommendationsManager.h; sourceTree = "<group>"; };
		6E5DCD2A1FBED127002D21DD /* RecommendationsManager.m */ = {isa = PBXFileReference; lastKnownFileType = sourcecode.c.objc; path = RecommendationsManager.m; sourceTree = "<group>"; };
		6E5DCD2C1FBED1BE002D21DD /* RecommendationObject.h */ = {isa = PBXFileReference; lastKnownFileType = sourcecode.c.h; path = RecommendationObject.h; sourceTree = "<group>"; };
		6E5DCD2D1FBED1BE002D21DD /* RecommendationObject.m */ = {isa = PBXFileReference; lastKnownFileType = sourcecode.c.objc; path = RecommendationObject.m; sourceTree = "<group>"; };
		6E5E33791F7A32B5002BF588 /* PicturesViewController.h */ = {isa = PBXFileReference; lastKnownFileType = sourcecode.c.h; path = PicturesViewController.h; sourceTree = "<group>"; };
		6E5E337A1F7A32B5002BF588 /* PicturesViewController.m */ = {isa = PBXFileReference; lastKnownFileType = sourcecode.c.objc; path = PicturesViewController.m; sourceTree = "<group>"; };
		6E5E337C1F7A3D22002BF588 /* UIImage+Smart.h */ = {isa = PBXFileReference; lastKnownFileType = sourcecode.c.h; path = "UIImage+Smart.h"; sourceTree = "<group>"; };
		6E5E337D1F7A3D22002BF588 /* UIImage+Smart.m */ = {isa = PBXFileReference; lastKnownFileType = sourcecode.c.objc; path = "UIImage+Smart.m"; sourceTree = "<group>"; };
		6E5E337F1F7A3F98002BF588 /* UserImage.h */ = {isa = PBXFileReference; lastKnownFileType = sourcecode.c.h; path = UserImage.h; sourceTree = "<group>"; };
		6E5E33801F7A3F98002BF588 /* UserImage.m */ = {isa = PBXFileReference; lastKnownFileType = sourcecode.c.objc; path = UserImage.m; sourceTree = "<group>"; };
		6E645D211FBD6405005BBE37 /* RecommendationsVC.h */ = {isa = PBXFileReference; lastKnownFileType = sourcecode.c.h; path = RecommendationsVC.h; sourceTree = "<group>"; };
		6E645D221FBD6405005BBE37 /* RecommendationsVC.m */ = {isa = PBXFileReference; lastKnownFileType = sourcecode.c.objc; path = RecommendationsVC.m; sourceTree = "<group>"; };
		6E645D661FBDB53F005BBE37 /* a.jpg */ = {isa = PBXFileReference; lastKnownFileType = image.jpeg; path = a.jpg; sourceTree = "<group>"; };
		6E645D671FBDB53F005BBE37 /* b.jpg */ = {isa = PBXFileReference; lastKnownFileType = image.jpeg; path = b.jpg; sourceTree = "<group>"; };
		6E645D681FBDB53F005BBE37 /* background.jpg */ = {isa = PBXFileReference; lastKnownFileType = image.jpeg; path = background.jpg; sourceTree = "<group>"; };
		6E645D691FBDB53F005BBE37 /* c.jpg */ = {isa = PBXFileReference; lastKnownFileType = image.jpeg; path = c.jpg; sourceTree = "<group>"; };
		6E645D6A1FBDB53F005BBE37 /* d.jpg */ = {isa = PBXFileReference; lastKnownFileType = image.jpeg; path = d.jpg; sourceTree = "<group>"; };
		6E645D6B1FBDB53F005BBE37 /* e.jpg */ = {isa = PBXFileReference; lastKnownFileType = image.jpeg; path = e.jpg; sourceTree = "<group>"; };
		6E645D6C1FBDB53F005BBE37 /* f.jpg */ = {isa = PBXFileReference; lastKnownFileType = image.jpeg; path = f.jpg; sourceTree = "<group>"; };
		6E645D6D1FBDB53F005BBE37 /* g.jpg */ = {isa = PBXFileReference; lastKnownFileType = image.jpeg; path = g.jpg; sourceTree = "<group>"; };
		6E645D6E1FBDB53F005BBE37 /* h.jpg */ = {isa = PBXFileReference; lastKnownFileType = image.jpeg; path = h.jpg; sourceTree = "<group>"; };
		6E645D6F1FBDB53F005BBE37 /* i.jpg */ = {isa = PBXFileReference; lastKnownFileType = image.jpeg; path = i.jpg; sourceTree = "<group>"; };
		6E645D701FBDB53F005BBE37 /* j.jpg */ = {isa = PBXFileReference; lastKnownFileType = image.jpeg; path = j.jpg; sourceTree = "<group>"; };
		6E645D711FBDB53F005BBE37 /* name_list.json */ = {isa = PBXFileReference; fileEncoding = 4; lastKnownFileType = text.json; path = name_list.json; sourceTree = "<group>"; };
		6E645DD01FBDBE84005BBE37 /* UIKit.framework */ = {isa = PBXFileReference; lastKnownFileType = wrapper.framework; name = UIKit.framework; path = System/Library/Frameworks/UIKit.framework; sourceTree = SDKROOT; };
		6E645DD11FBDBE8D005BBE37 /* Foundation.framework */ = {isa = PBXFileReference; lastKnownFileType = wrapper.framework; name = Foundation.framework; path = System/Library/Frameworks/Foundation.framework; sourceTree = SDKROOT; };
		6E645DD21FBDBE93005BBE37 /* CoreGraphics.framework */ = {isa = PBXFileReference; lastKnownFileType = wrapper.framework; name = CoreGraphics.framework; path = System/Library/Frameworks/CoreGraphics.framework; sourceTree = SDKROOT; };
		6E645DD31FBDC0BF005BBE37 /* Info.plist */ = {isa = PBXFileReference; fileEncoding = 4; lastKnownFileType = text.plist.xml; path = Info.plist; sourceTree = "<group>"; };
		6E645DD41FBDC0BF005BBE37 /* GoogleService-Info.plist */ = {isa = PBXFileReference; fileEncoding = 4; lastKnownFileType = text.plist.xml; path = "GoogleService-Info.plist"; sourceTree = "<group>"; };
		6E645DD51FBDC0C0005BBE37 /* Assets.xcassets */ = {isa = PBXFileReference; lastKnownFileType = folder.assetcatalog; path = Assets.xcassets; sourceTree = "<group>"; };
		6E645DDE1FBDC0D3005BBE37 /* stackbox_bottom.png */ = {isa = PBXFileReference; lastKnownFileType = image.png; path = stackbox_bottom.png; sourceTree = "<group>"; };
		6E645DDF1FBDC0D3005BBE37 /* stackbox_bottom@2x.png */ = {isa = PBXFileReference; lastKnownFileType = image.png; path = "stackbox_bottom@2x.png"; sourceTree = "<group>"; };
		6E645DE01FBDC0D3005BBE37 /* stackbox_card.png */ = {isa = PBXFileReference; lastKnownFileType = image.png; path = stackbox_card.png; sourceTree = "<group>"; };
		6E645DE11FBDC0D3005BBE37 /* stackbox_card@2x.png */ = {isa = PBXFileReference; lastKnownFileType = image.png; path = "stackbox_card@2x.png"; sourceTree = "<group>"; };
		6E645DE21FBDC0D3005BBE37 /* stackbox_card_2.png */ = {isa = PBXFileReference; lastKnownFileType = image.png; path = stackbox_card_2.png; sourceTree = "<group>"; };
		6E645DE31FBDC0D3005BBE37 /* stackbox_card_2@2x.png */ = {isa = PBXFileReference; lastKnownFileType = image.png; path = "stackbox_card_2@2x.png"; sourceTree = "<group>"; };
		6E645DE41FBDC0D3005BBE37 /* stackbox_card_3.png */ = {isa = PBXFileReference; lastKnownFileType = image.png; path = stackbox_card_3.png; sourceTree = "<group>"; };
		6E645DE51FBDC0D3005BBE37 /* stackbox_card_3@2x.png */ = {isa = PBXFileReference; lastKnownFileType = image.png; path = "stackbox_card_3@2x.png"; sourceTree = "<group>"; };
		6E645DE61FBDC0D3005BBE37 /* stackbox_top.png */ = {isa = PBXFileReference; lastKnownFileType = image.png; path = stackbox_top.png; sourceTree = "<group>"; };
		6E645DE71FBDC0D3005BBE37 /* stackbox_top@2x.png */ = {isa = PBXFileReference; lastKnownFileType = image.png; path = "stackbox_top@2x.png"; sourceTree = "<group>"; };
		6E645DF31FBDC444005BBE37 /* BuildingRecommendationsVC.h */ = {isa = PBXFileReference; lastKnownFileType = sourcecode.c.h; path = BuildingRecommendationsVC.h; sourceTree = "<group>"; };
		6E645DF41FBDC444005BBE37 /* BuildingRecommendationsVC.m */ = {isa = PBXFileReference; lastKnownFileType = sourcecode.c.objc; path = BuildingRecommendationsVC.m; sourceTree = "<group>"; };
		6E645DF51FBDC444005BBE37 /* BuildingRecommendationsVC.xib */ = {isa = PBXFileReference; lastKnownFileType = file.xib; path = BuildingRecommendationsVC.xib; sourceTree = "<group>"; };
		6E6928321F7BA81800E83306 /* PictureCollectionViewCell.h */ = {isa = PBXFileReference; lastKnownFileType = sourcecode.c.h; path = PictureCollectionViewCell.h; sourceTree = "<group>"; };
		6E6928331F7BA81800E83306 /* PictureCollectionViewCell.m */ = {isa = PBXFileReference; lastKnownFileType = sourcecode.c.objc; path = PictureCollectionViewCell.m; sourceTree = "<group>"; };
		6E6928341F7BA81800E83306 /* PictureCollectionViewCell.xib */ = {isa = PBXFileReference; lastKnownFileType = file.xib; path = PictureCollectionViewCell.xib; sourceTree = "<group>"; };
		6E6E7FE71FCC07ED0026554A /* FormDataSource.h */ = {isa = PBXFileReference; lastKnownFileType = sourcecode.c.h; path = FormDataSource.h; sourceTree = "<group>"; };
		6E6E7FE81FCC07ED0026554A /* FormDataSource.m */ = {isa = PBXFileReference; lastKnownFileType = sourcecode.c.objc; path = FormDataSource.m; sourceTree = "<group>"; };
		6E6E7FEA1FCC09BC0026554A /* FormCell.h */ = {isa = PBXFileReference; lastKnownFileType = sourcecode.c.h; path = FormCell.h; sourceTree = "<group>"; };
		6E6E7FEB1FCC09BC0026554A /* FormCell.m */ = {isa = PBXFileReference; lastKnownFileType = sourcecode.c.objc; path = FormCell.m; sourceTree = "<group>"; };
		6E7B43511F43340B00703EE1 /* ModalCollectionVC.h */ = {isa = PBXFileReference; fileEncoding = 4; lastKnownFileType = sourcecode.c.h; path = ModalCollectionVC.h; sourceTree = "<group>"; };
		6E7B43521F43340B00703EE1 /* ModalCollectionVC.m */ = {isa = PBXFileReference; fileEncoding = 4; lastKnownFileType = sourcecode.c.objc; path = ModalCollectionVC.m; sourceTree = "<group>"; };
		6E7B43591F4351DC00703EE1 /* APModalCollectionViewCell.h */ = {isa = PBXFileReference; fileEncoding = 4; lastKnownFileType = sourcecode.c.h; path = APModalCollectionViewCell.h; sourceTree = "<group>"; };
		6E7B435A1F4351DC00703EE1 /* APModalCollectionViewCell.m */ = {isa = PBXFileReference; fileEncoding = 4; lastKnownFileType = sourcecode.c.objc; path = APModalCollectionViewCell.m; sourceTree = "<group>"; };
		6E7B435B1F4351DC00703EE1 /* APModalCollectionViewCell.xib */ = {isa = PBXFileReference; fileEncoding = 4; lastKnownFileType = file.xib; path = APModalCollectionViewCell.xib; sourceTree = "<group>"; };
		6E81176B1FCD56450025F174 /* DesignObject.h */ = {isa = PBXFileReference; lastKnownFileType = sourcecode.c.h; path = DesignObject.h; sourceTree = "<group>"; };
		6E81176C1FCD56450025F174 /* DesignObject.m */ = {isa = PBXFileReference; lastKnownFileType = sourcecode.c.objc; path = DesignObject.m; sourceTree = "<group>"; };
		6E81176E1FCD58DC0025F174 /* DesignRecommendsCell.h */ = {isa = PBXFileReference; lastKnownFileType = sourcecode.c.h; path = DesignRecommendsCell.h; sourceTree = "<group>"; };
		6E81176F1FCD58DC0025F174 /* DesignRecommendsCell.m */ = {isa = PBXFileReference; lastKnownFileType = sourcecode.c.objc; path = DesignRecommendsCell.m; sourceTree = "<group>"; };
		6E8117701FCD58DC0025F174 /* DesignRecommendsCell.xib */ = {isa = PBXFileReference; lastKnownFileType = file.xib; path = DesignRecommendsCell.xib; sourceTree = "<group>"; };
		6EB4D8351F78D89800368A20 /* DropMenuView.h */ = {isa = PBXFileReference; fileEncoding = 4; lastKnownFileType = sourcecode.c.h; path = DropMenuView.h; sourceTree = "<group>"; };
		6EB4D8361F78D89800368A20 /* DropMenuView.m */ = {isa = PBXFileReference; fileEncoding = 4; lastKnownFileType = sourcecode.c.objc; path = DropMenuView.m; sourceTree = "<group>"; };
		6EB4D8381F78D8A600368A20 /* DropMenuView.xib */ = {isa = PBXFileReference; fileEncoding = 4; lastKnownFileType = file.xib; path = DropMenuView.xib; sourceTree = "<group>"; };
		6EB4D83A1F78DC7D00368A20 /* UIImageView+Rotation.h */ = {isa = PBXFileReference; fileEncoding = 4; lastKnownFileType = sourcecode.c.h; path = "UIImageView+Rotation.h"; sourceTree = "<group>"; };
		6EB4D83B1F78DC7D00368A20 /* UIImageView+Rotation.m */ = {isa = PBXFileReference; fileEncoding = 4; lastKnownFileType = sourcecode.c.objc; path = "UIImageView+Rotation.m"; sourceTree = "<group>"; };
		6EB4D83D1F78DE0A00368A20 /* CustomButton.h */ = {isa = PBXFileReference; fileEncoding = 4; lastKnownFileType = sourcecode.c.h; path = CustomButton.h; sourceTree = "<group>"; };
		6EB4D83E1F78DE0A00368A20 /* CustomButton.m */ = {isa = PBXFileReference; fileEncoding = 4; lastKnownFileType = sourcecode.c.objc; path = CustomButton.m; sourceTree = "<group>"; };
		6EB4D8411F78F1E700368A20 /* FilterTableViewController.h */ = {isa = PBXFileReference; fileEncoding = 4; lastKnownFileType = sourcecode.c.h; path = FilterTableViewController.h; sourceTree = "<group>"; };
		6EB4D8421F78F1E700368A20 /* FilterTableViewController.m */ = {isa = PBXFileReference; fileEncoding = 4; lastKnownFileType = sourcecode.c.objc; path = FilterTableViewController.m; sourceTree = "<group>"; };
		6EEA73391F42D3FC000EA52E /* APMapViewController.h */ = {isa = PBXFileReference; fileEncoding = 4; lastKnownFileType = sourcecode.c.h; path = APMapViewController.h; sourceTree = "<group>"; };
		6EEA733A1F42D3FC000EA52E /* APMapViewController.m */ = {isa = PBXFileReference; fileEncoding = 4; lastKnownFileType = sourcecode.c.objc; path = APMapViewController.m; sourceTree = "<group>"; };
		6EEA733C1F42F1D1000EA52E /* APLocationManager.h */ = {isa = PBXFileReference; fileEncoding = 4; lastKnownFileType = sourcecode.c.h; path = APLocationManager.h; sourceTree = "<group>"; };
		6EEA733D1F42F1D1000EA52E /* APLocationManager.m */ = {isa = PBXFileReference; fileEncoding = 4; lastKnownFileType = sourcecode.c.objc; path = APLocationManager.m; sourceTree = "<group>"; };
		6EED5FF91F438551007FB771 /* UIColor+App.h */ = {isa = PBXFileReference; fileEncoding = 4; lastKnownFileType = sourcecode.c.h; path = "UIColor+App.h"; sourceTree = "<group>"; };
		6EED5FFA1F438551007FB771 /* UIColor+App.m */ = {isa = PBXFileReference; fileEncoding = 4; lastKnownFileType = sourcecode.c.objc; path = "UIColor+App.m"; sourceTree = "<group>"; };
		A7A492E0CA0D2D836BD053E8 /* Pods-ArchitectureProjects.release.xcconfig */ = {isa = PBXFileReference; includeInIndex = 1; lastKnownFileType = text.xcconfig; name = "Pods-ArchitectureProjects.release.xcconfig"; path = "Pods/Target Support Files/Pods-ArchitectureProjects/Pods-ArchitectureProjects.release.xcconfig"; sourceTree = "<group>"; };
		AA7F05027F49CB619768E592 /* libPods-ArchitectureProjects.a */ = {isa = PBXFileReference; explicitFileType = archive.ar; includeInIndex = 0; path = "libPods-ArchitectureProjects.a"; sourceTree = BUILT_PRODUCTS_DIR; };
/* End PBXFileReference section */

/* Begin PBXFrameworksBuildPhase section */
		1E058AB21ECB3A2A00C0A0A8 /* Frameworks */ = {
			isa = PBXFrameworksBuildPhase;
			buildActionMask = 2147483647;
			files = (
				6E1FE7D11F3121D9007EC3C6 /* QuartzCore.framework in Frameworks */,
				1E5A0B051EDCB848004DEB1C /* MessageUI.framework in Frameworks */,
				8BD22D9B7C62CA3294488662 /* libPods-ArchitectureProjects.a in Frameworks */,
			);
			runOnlyForDeploymentPostprocessing = 0;
		};
/* End PBXFrameworksBuildPhase section */

/* Begin PBXGroup section */
		1E058AAC1ECB3A2A00C0A0A8 = {
			isa = PBXGroup;
			children = (
				1E058AB71ECB3A2A00C0A0A8 /* ArchitectureProjects */,
				1E058AB61ECB3A2A00C0A0A8 /* Products */,
				8CD089721ED1B50D25BAFB46 /* Pods */,
				482CEA2CBABEE368BEBB3714 /* Frameworks */,
			);
			sourceTree = "<group>";
		};
		1E058AB61ECB3A2A00C0A0A8 /* Products */ = {
			isa = PBXGroup;
			children = (
				1E058AB51ECB3A2A00C0A0A8 /* ArchitectureProjects.app */,
			);
			name = Products;
			sourceTree = "<group>";
		};
		1E058AB71ECB3A2A00C0A0A8 /* ArchitectureProjects */ = {
			isa = PBXGroup;
			children = (
				6EF30C881F39C20E00E60759 /* ThirdParty */,
				6E239B981F3075EF00B84B30 /* Helpers */,
				6EB4D8341F78D86800368A20 /* Views */,
				1E058ACF1ECB3ADD00C0A0A8 /* ViewControllers */,
				1E058AE11ECB3ADD00C0A0A8 /* Utils */,
				1E058AE71ECB3ADD00C0A0A8 /* Storyboards */,
				1E058AEC1ECB3ADD00C0A0A8 /* Model */,
				6E645D641FBDB521005BBE37 /* Resources */,
				1E058ABB1ECB3A2B00C0A0A8 /* AppDelegate.h */,
				1E058ABC1ECB3A2B00C0A0A8 /* AppDelegate.m */,
				1E058AB81ECB3A2B00C0A0A8 /* Supporting Files */,
			);
			path = ArchitectureProjects;
			sourceTree = "<group>";
		};
		1E058AB81ECB3A2B00C0A0A8 /* Supporting Files */ = {
			isa = PBXGroup;
			children = (
				1E058AB91ECB3A2B00C0A0A8 /* main.m */,
				1E058B041ECB42AA00C0A0A8 /* Localizable.strings */,
			);
			name = "Supporting Files";
			sourceTree = "<group>";
		};
		1E058ACF1ECB3ADD00C0A0A8 /* ViewControllers */ = {
			isa = PBXGroup;
			children = (
				6E2480F61FC83BD800B1AAF8 /* Form */,
				6E645D201FBD6397005BBE37 /* Recommendations */,
				6E5E33781F7A32AB002BF588 /* Pictures */,
				6EB4D8401F78F1C800368A20 /* Filter */,
				1E5A0B0E1EDCC800004DEB1C /* Modals */,
				6EEA73381F42D3D9000EA52E /* Map */,
				1E5A0AD81EDCAD0A004DEB1C /* Menu */,
				1E1667341ECC8FF70033EBB6 /* ProjectDetails */,
				1E058AFC1ECB3BCD00C0A0A8 /* Main */,
				1E058AD01ECB3ADD00C0A0A8 /* Abstract */,
				1E058ADE1ECB3ADD00C0A0A8 /* Root */,
			);
			path = ViewControllers;
			sourceTree = "<group>";
		};
		1E058AD01ECB3ADD00C0A0A8 /* Abstract */ = {
			isa = PBXGroup;
			children = (
				1E058AD11ECB3ADD00C0A0A8 /* BaseViewController.h */,
				1E058AD21ECB3ADD00C0A0A8 /* BaseViewController.m */,
			);
			path = Abstract;
			sourceTree = "<group>";
		};
		1E058ADE1ECB3ADD00C0A0A8 /* Root */ = {
			isa = PBXGroup;
			children = (
				1E058ADF1ECB3ADD00C0A0A8 /* RevealViewController.h */,
				1E058AE01ECB3ADD00C0A0A8 /* RevealViewController.m */,
			);
			path = Root;
			sourceTree = "<group>";
		};
		1E058AE11ECB3ADD00C0A0A8 /* Utils */ = {
			isa = PBXGroup;
			children = (
				1E058B001ECB401800C0A0A8 /* Extensions */,
				1E058AE21ECB3ADD00C0A0A8 /* Macros.h */,
				1E058AE51ECB3ADD00C0A0A8 /* Utils.h */,
				1E058AE61ECB3ADD00C0A0A8 /* Utils.m */,
				1E2571EB1ECB849000C6107D /* APConstants.h */,
			);
			path = Utils;
			sourceTree = "<group>";
		};
		1E058AE71ECB3ADD00C0A0A8 /* Storyboards */ = {
			isa = PBXGroup;
			children = (
				1E058AE81ECB3ADD00C0A0A8 /* LaunchScreen.storyboard */,
				1E058AE91ECB3ADD00C0A0A8 /* Main.storyboard */,
				6E239B961F305DE200B84B30 /* TabBar.storyboard */,
				1E058AEB1ECB3ADD00C0A0A8 /* Menu.storyboard */,
			);
			path = Storyboards;
			sourceTree = "<group>";
		};
		1E058AEC1ECB3ADD00C0A0A8 /* Model */ = {
			isa = PBXGroup;
			children = (
				1E3C53A01EDC33C700CDCC22 /* Helpers */,
				1E16673F1ECD7FB30033EBB6 /* Managers */,
				1E16673B1ECD7C300033EBB6 /* Entities */,
			);
			path = Model;
			sourceTree = "<group>";
		};
		1E058AFC1ECB3BCD00C0A0A8 /* Main */ = {
			isa = PBXGroup;
			children = (
				1E2571E51ECB72A400C6107D /* ProjectCell */,
				1E058AFD1ECB3BF000C0A0A8 /* APMainViewController.h */,
				1E058AFE1ECB3BF000C0A0A8 /* APMainViewController.m */,
			);
			path = Main;
			sourceTree = "<group>";
		};
		1E058B001ECB401800C0A0A8 /* Extensions */ = {
			isa = PBXGroup;
			children = (
				1E058B011ECB403B00C0A0A8 /* UIViewController+RevealViewController.h */,
				1E058B021ECB403B00C0A0A8 /* UIViewController+RevealViewController.m */,
				1E285FBB1EDC08A80090F899 /* NSString+AP.h */,
				1E285FBC1EDC08A80090F899 /* NSString+AP.m */,
				6EED5FF91F438551007FB771 /* UIColor+App.h */,
				6EED5FFA1F438551007FB771 /* UIColor+App.m */,
				1E34DDA91EDE119B005CE73C /* UIAlertController+AP.h */,
				1E34DDAA1EDE119B005CE73C /* UIAlertController+AP.m */,
				6EB4D83A1F78DC7D00368A20 /* UIImageView+Rotation.h */,
				6EB4D83B1F78DC7D00368A20 /* UIImageView+Rotation.m */,
				6E01EF4A1F792AF30007AD11 /* NSObject+Smart.h */,
				6E01EF4B1F792AF30007AD11 /* NSObject+Smart.m */,
				6E5E337C1F7A3D22002BF588 /* UIImage+Smart.h */,
				6E5E337D1F7A3D22002BF588 /* UIImage+Smart.m */,
			);
			path = Extensions;
			sourceTree = "<group>";
		};
		1E1667341ECC8FF70033EBB6 /* ProjectDetails */ = {
			isa = PBXGroup;
			children = (
				1E3C53A81EDC5E0700CDCC22 /* CollectionView */,
				1E1667351ECD79A80033EBB6 /* APProjectDetailsViewController.h */,
				1E1667361ECD79A80033EBB6 /* APProjectDetailsViewController.m */,
				1E1667381ECD7B6E0033EBB6 /* APProjectDetailsTableViewCell.h */,
				1E1667391ECD7B6E0033EBB6 /* APProjectDetailsTableViewCell.m */,
			);
			path = ProjectDetails;
			sourceTree = "<group>";
		};
		1E16673B1ECD7C300033EBB6 /* Entities */ = {
			isa = PBXGroup;
			children = (
				1E16673C1ECD7DB70033EBB6 /* APProjectObject.h */,
				1E16673D1ECD7DB70033EBB6 /* APProjectObject.m */,
				1E285FB81EDC02DE0090F899 /* APUser.h */,
				1E285FB91EDC02DE0090F899 /* APUser.m */,
				6E5DCD2C1FBED1BE002D21DD /* RecommendationObject.h */,
				6E5DCD2D1FBED1BE002D21DD /* RecommendationObject.m */,
				6E81176B1FCD56450025F174 /* DesignObject.h */,
				6E81176C1FCD56450025F174 /* DesignObject.m */,
				1E3C53991EDC1A8200CDCC22 /* APImagesObject.h */,
				1E3C539A1EDC1A8200CDCC22 /* APImagesObject.m */,
				6E2F5F111F29C1CC00C5B30D /* APImage.h */,
				6E2F5F121F29C1CC00C5B30D /* APImage.m */,
				6E5E337F1F7A3F98002BF588 /* UserImage.h */,
				6E5E33801F7A3F98002BF588 /* UserImage.m */,
			);
			path = Entities;
			sourceTree = "<group>";
		};
		1E16673F1ECD7FB30033EBB6 /* Managers */ = {
			isa = PBXGroup;
			children = (
				1E285FC21EDC09530090F899 /* Keychain */,
				1E285FBE1EDC08F20090F899 /* User */,
				1E285FB41EDC01D60090F899 /* DataBase */,
				1E285FAC1EDBF97A0090F899 /* Remote */,
			);
			path = Managers;
			sourceTree = "<group>";
		};
		1E2571E51ECB72A400C6107D /* ProjectCell */ = {
			isa = PBXGroup;
			children = (
				1E2571E61ECB72C900C6107D /* APProjectCollectionViewCell.h */,
				1E2571E71ECB72C900C6107D /* APProjectCollectionViewCell.m */,
				1E2571E91ECB72F100C6107D /* APProjectCollectionViewCell.xib */,
			);
			path = ProjectCell;
			sourceTree = "<group>";
		};
		1E285FAC1EDBF97A0090F899 /* Remote */ = {
			isa = PBXGroup;
			children = (
				1E285FAD1EDBFE0D0090F899 /* APProjectManager.h */,
				1E285FAE1EDBFE0D0090F899 /* APProjectManager.m */,
				6E5DCD291FBED127002D21DD /* RecommendationsManager.h */,
				6E5DCD2A1FBED127002D21DD /* RecommendationsManager.m */,
			);
			path = Remote;
			sourceTree = "<group>";
		};
		1E285FB01EDBFF450090F899 /* Network */ = {
			isa = PBXGroup;
			children = (
				1E285FB11EDBFF520090F899 /* APNetworkHelper.h */,
				1E285FB21EDBFF520090F899 /* APNetworkHelper.m */,
			);
			name = Network;
			path = ../Managers/Network;
			sourceTree = "<group>";
		};
		1E285FB41EDC01D60090F899 /* DataBase */ = {
			isa = PBXGroup;
			children = (
				1E285FB51EDC01EA0090F899 /* APRealmManager.h */,
				1E285FB61EDC01EA0090F899 /* APRealmManager.m */,
			);
			path = DataBase;
			sourceTree = "<group>";
		};
		1E285FBE1EDC08F20090F899 /* User */ = {
			isa = PBXGroup;
			children = (
				1E285FBF1EDC09040090F899 /* APUserManager.h */,
				1E285FC01EDC09040090F899 /* APUserManager.m */,
			);
			path = User;
			sourceTree = "<group>";
		};
		1E285FC21EDC09530090F899 /* Keychain */ = {
			isa = PBXGroup;
			children = (
				1E285FC31EDC095E0090F899 /* APKeychainManager.h */,
				1E285FC41EDC095E0090F899 /* APKeychainManager.m */,
			);
			path = Keychain;
			sourceTree = "<group>";
		};
		1E3C539C1EDC338700CDCC22 /* Download */ = {
			isa = PBXGroup;
			children = (
				1E3C539D1EDC339900CDCC22 /* APDownloadHelper.h */,
				1E3C539E1EDC339900CDCC22 /* APDownloadHelper.m */,
			);
			name = Download;
			path = ../Managers/Download;
			sourceTree = "<group>";
		};
		1E3C53A01EDC33C700CDCC22 /* Helpers */ = {
			isa = PBXGroup;
			children = (
				1E3C53A11EDC342F00CDCC22 /* File */,
				1E3C539C1EDC338700CDCC22 /* Download */,
				1E285FB01EDBFF450090F899 /* Network */,
			);
			path = Helpers;
			sourceTree = "<group>";
		};
		1E3C53A11EDC342F00CDCC22 /* File */ = {
			isa = PBXGroup;
			children = (
				1E3C53A21EDC343A00CDCC22 /* APFileHelper.h */,
				1E3C53A31EDC343A00CDCC22 /* APFileHelper.m */,
			);
			path = File;
			sourceTree = "<group>";
		};
		1E3C53A81EDC5E0700CDCC22 /* CollectionView */ = {
			isa = PBXGroup;
			children = (
				1E3C53A91EDC5E3100CDCC22 /* APProjectDetailsCollectionViewCell.h */,
				1E3C53AA1EDC5E3100CDCC22 /* APProjectDetailsCollectionViewCell.m */,
				1E3C53AC1EDC5E3C00CDCC22 /* APProjectDetailsCollectionViewCell.xib */,
			);
			path = CollectionView;
			sourceTree = "<group>";
		};
		1E5A0AD81EDCAD0A004DEB1C /* Menu */ = {
			isa = PBXGroup;
			children = (
				1E5A0B001EDCB7B4004DEB1C /* Contact */,
				1E5A0B011EDCB7B4004DEB1C /* Question */,
				1E5A0AE51EDCB57B004DEB1C /* Cost */,
				1E5A0ADF1EDCB32B004DEB1C /* Start */,
				1E5A0AD91EDCAD1D004DEB1C /* APMenuViewController.h */,
				1E5A0ADA1EDCAD1D004DEB1C /* APMenuViewController.m */,
				1E5A0ADC1EDCB0F8004DEB1C /* APMenuTableViewCell.h */,
				1E5A0ADD1EDCB0F8004DEB1C /* APMenuTableViewCell.m */,
			);
			path = Menu;
			sourceTree = "<group>";
		};
		1E5A0ADF1EDCB32B004DEB1C /* Start */ = {
			isa = PBXGroup;
			children = (
				1E5A0AE01EDCB336004DEB1C /* Start.storyboard */,
				1E5A0AE21EDCB351004DEB1C /* APStartViewController.h */,
				1E5A0AE31EDCB351004DEB1C /* APStartViewController.m */,
			);
			path = Start;
			sourceTree = "<group>";
		};
		1E5A0AE51EDCB57B004DEB1C /* Cost */ = {
			isa = PBXGroup;
			children = (
				1E5A0AE61EDCB586004DEB1C /* Cost.storyboard */,
				1E5A0AE81EDCB5AD004DEB1C /* APCostViewController.h */,
				1E5A0AE91EDCB5AD004DEB1C /* APCostViewController.m */,
			);
			path = Cost;
			sourceTree = "<group>";
		};
		1E5A0B001EDCB7B4004DEB1C /* Contact */ = {
			isa = PBXGroup;
			children = (
				1E5A0B091EDCBB6B004DEB1C /* Contact.storyboard */,
				1E5A0B0B1EDCBBD9004DEB1C /* APContactViewController.h */,
				1E5A0B0C1EDCBBD9004DEB1C /* APContactViewController.m */,
			);
			path = Contact;
			sourceTree = "<group>";
		};
		1E5A0B011EDCB7B4004DEB1C /* Question */ = {
			isa = PBXGroup;
			children = (
				1E5A0B021EDCB7C2004DEB1C /* Question.storyboard */,
				1E5A0B061EDCB856004DEB1C /* APQuestionViewController.h */,
				1E5A0B071EDCB856004DEB1C /* APQuestionViewController.m */,
			);
			path = Question;
			sourceTree = "<group>";
		};
		1E5A0B0E1EDCC800004DEB1C /* Modals */ = {
			isa = PBXGroup;
			children = (
				1E5A0B0F1EDCC800004DEB1C /* Modals.storyboard */,
				1E5A0B101EDCC800004DEB1C /* ModalViewController.h */,
				1E5A0B111EDCC800004DEB1C /* ModalViewController.m */,
				1E5A0B141EDCC800004DEB1C /* SimpleModalVC.h */,
				1E5A0B151EDCC800004DEB1C /* SimpleModalVC.m */,
				1E5A0B161EDCC800004DEB1C /* SimpleYesNoModalVC.h */,
				1E5A0B171EDCC800004DEB1C /* SimpleYesNoModalVC.m */,
				6E7B43511F43340B00703EE1 /* ModalCollectionVC.h */,
				6E7B43521F43340B00703EE1 /* ModalCollectionVC.m */,
				6E7B43591F4351DC00703EE1 /* APModalCollectionViewCell.h */,
				6E7B435A1F4351DC00703EE1 /* APModalCollectionViewCell.m */,
				6E7B435B1F4351DC00703EE1 /* APModalCollectionViewCell.xib */,
				1E5A0B1A1EDCC800004DEB1C /* UIViewController+ShowModal.h */,
				1E5A0B1B1EDCC800004DEB1C /* UIViewController+ShowModal.m */,
			);
			path = Modals;
			sourceTree = "<group>";
		};
		482CEA2CBABEE368BEBB3714 /* Frameworks */ = {
			isa = PBXGroup;
			children = (
				6E645DD21FBDBE93005BBE37 /* CoreGraphics.framework */,
				6E645DD11FBDBE8D005BBE37 /* Foundation.framework */,
				6E645DD01FBDBE84005BBE37 /* UIKit.framework */,
				6E1FE7D01F3121D9007EC3C6 /* QuartzCore.framework */,
				1E5A0B041EDCB848004DEB1C /* MessageUI.framework */,
				AA7F05027F49CB619768E592 /* libPods-ArchitectureProjects.a */,
			);
			name = Frameworks;
			sourceTree = "<group>";
		};
		6E239B981F3075EF00B84B30 /* Helpers */ = {
			isa = PBXGroup;
			children = (
				6E01EF471F792A0C0007AD11 /* FontHelper.h */,
				6E01EF481F792A0C0007AD11 /* FontHelper.m */,
				6E239B991F30761700B84B30 /* APTabBarViewController.h */,
				6E239B9A1F30761700B84B30 /* APTabBarViewController.m */,
				6EEA733C1F42F1D1000EA52E /* APLocationManager.h */,
				6EEA733D1F42F1D1000EA52E /* APLocationManager.m */,
			);
			path = Helpers;
			sourceTree = "<group>";
		};
		6E2480F61FC83BD800B1AAF8 /* Form */ = {
			isa = PBXGroup;
			children = (
				6E2480F71FC83BF600B1AAF8 /* FormVC.h */,
				6E2480F81FC83BF600B1AAF8 /* FormVC.m */,
				6E6E7FE71FCC07ED0026554A /* FormDataSource.h */,
				6E6E7FE81FCC07ED0026554A /* FormDataSource.m */,
				6E6E7FEA1FCC09BC0026554A /* FormCell.h */,
				6E6E7FEB1FCC09BC0026554A /* FormCell.m */,
			);
			path = Form;
			sourceTree = "<group>";
		};
		6E57ADB91FC2F23C00A0D405 /* Design */ = {
			isa = PBXGroup;
			children = (
				6E57ADBA1FC2F26200A0D405 /* DesignRecommendsVC.h */,
				6E57ADBB1FC2F26200A0D405 /* DesignRecommendsVC.m */,
				6E57ADBC1FC2F26200A0D405 /* DesignRecommendsVC.xib */,
				6E81176E1FCD58DC0025F174 /* DesignRecommendsCell.h */,
				6E81176F1FCD58DC0025F174 /* DesignRecommendsCell.m */,
				6E8117701FCD58DC0025F174 /* DesignRecommendsCell.xib */,
			);
			path = Design;
			sourceTree = "<group>";
		};
		6E5E33781F7A32AB002BF588 /* Pictures */ = {
			isa = PBXGroup;
			children = (
				6E5E33791F7A32B5002BF588 /* PicturesViewController.h */,
				6E5E337A1F7A32B5002BF588 /* PicturesViewController.m */,
				6E6928321F7BA81800E83306 /* PictureCollectionViewCell.h */,
				6E6928331F7BA81800E83306 /* PictureCollectionViewCell.m */,
				6E6928341F7BA81800E83306 /* PictureCollectionViewCell.xib */,
			);
			path = Pictures;
			sourceTree = "<group>";
		};
		6E645D201FBD6397005BBE37 /* Recommendations */ = {
			isa = PBXGroup;
			children = (
				6E57ADB91FC2F23C00A0D405 /* Design */,
				6E645D301FBDB4AD005BBE37 /* Building */,
				6E645D211FBD6405005BBE37 /* RecommendationsVC.h */,
				6E645D221FBD6405005BBE37 /* RecommendationsVC.m */,
			);
			path = Recommendations;
			sourceTree = "<group>";
		};
		6E645D301FBDB4AD005BBE37 /* Building */ = {
			isa = PBXGroup;
			children = (
				6E645DF31FBDC444005BBE37 /* BuildingRecommendationsVC.h */,
				6E645DF41FBDC444005BBE37 /* BuildingRecommendationsVC.m */,
				6E645DF51FBDC444005BBE37 /* BuildingRecommendationsVC.xib */,
				6E5DCD241FBECECA002D21DD /* BuildingRecommendsCell.h */,
				6E5DCD251FBECECA002D21DD /* BuildingRecommendsCell.m */,
				6E5DCD261FBECECA002D21DD /* BuildingRecommendsCell.xib */,
			);
			path = Building;
			sourceTree = "<group>";
		};
		6E645D641FBDB521005BBE37 /* Resources */ = {
			isa = PBXGroup;
			children = (
				6E645DD51FBDC0C0005BBE37 /* Assets.xcassets */,
				6E645DD41FBDC0BF005BBE37 /* GoogleService-Info.plist */,
				6E645DD31FBDC0BF005BBE37 /* Info.plist */,
				6E645D651FBDB53F005BBE37 /* Resources */,
			);
			path = Resources;
			sourceTree = "<group>";
		};
		6E645D651FBDB53F005BBE37 /* Resources */ = {
			isa = PBXGroup;
			children = (
				6E645DD91FBDC0D3005BBE37 /* StackBox */,
				6E645D661FBDB53F005BBE37 /* a.jpg */,
				6E645D671FBDB53F005BBE37 /* b.jpg */,
				6E645D681FBDB53F005BBE37 /* background.jpg */,
				6E645D691FBDB53F005BBE37 /* c.jpg */,
				6E645D6A1FBDB53F005BBE37 /* d.jpg */,
				6E645D6B1FBDB53F005BBE37 /* e.jpg */,
				6E645D6C1FBDB53F005BBE37 /* f.jpg */,
				6E645D6D1FBDB53F005BBE37 /* g.jpg */,
				6E645D6E1FBDB53F005BBE37 /* h.jpg */,
				6E645D6F1FBDB53F005BBE37 /* i.jpg */,
				6E645D701FBDB53F005BBE37 /* j.jpg */,
				6E645D711FBDB53F005BBE37 /* name_list.json */,
			);
			path = Resources;
			sourceTree = "<group>";
		};
		6E645DD91FBDC0D3005BBE37 /* StackBox */ = {
			isa = PBXGroup;
			children = (
				6E645DDE1FBDC0D3005BBE37 /* stackbox_bottom.png */,
				6E645DDF1FBDC0D3005BBE37 /* stackbox_bottom@2x.png */,
				6E645DE01FBDC0D3005BBE37 /* stackbox_card.png */,
				6E645DE11FBDC0D3005BBE37 /* stackbox_card@2x.png */,
				6E645DE21FBDC0D3005BBE37 /* stackbox_card_2.png */,
				6E645DE31FBDC0D3005BBE37 /* stackbox_card_2@2x.png */,
				6E645DE41FBDC0D3005BBE37 /* stackbox_card_3.png */,
				6E645DE51FBDC0D3005BBE37 /* stackbox_card_3@2x.png */,
				6E645DE61FBDC0D3005BBE37 /* stackbox_top.png */,
				6E645DE71FBDC0D3005BBE37 /* stackbox_top@2x.png */,
			);
			path = StackBox;
			sourceTree = "<group>";
		};
		6EB4D8341F78D86800368A20 /* Views */ = {
			isa = PBXGroup;
			children = (
				6EB4D8351F78D89800368A20 /* DropMenuView.h */,
				6EB4D8361F78D89800368A20 /* DropMenuView.m */,
				6EB4D8381F78D8A600368A20 /* DropMenuView.xib */,
				6EB4D83D1F78DE0A00368A20 /* CustomButton.h */,
				6EB4D83E1F78DE0A00368A20 /* CustomButton.m */,
			);
			path = Views;
			sourceTree = "<group>";
		};
		6EB4D8401F78F1C800368A20 /* Filter */ = {
			isa = PBXGroup;
			children = (
				6EB4D8411F78F1E700368A20 /* FilterTableViewController.h */,
				6EB4D8421F78F1E700368A20 /* FilterTableViewController.m */,
			);
			path = Filter;
			sourceTree = "<group>";
		};
		6EEA73381F42D3D9000EA52E /* Map */ = {
			isa = PBXGroup;
			children = (
				6EEA73391F42D3FC000EA52E /* APMapViewController.h */,
				6EEA733A1F42D3FC000EA52E /* APMapViewController.m */,
			);
			path = Map;
			sourceTree = "<group>";
		};
		6EF30C881F39C20E00E60759 /* ThirdParty */ = {
			isa = PBXGroup;
			children = (
			);
			path = ThirdParty;
			sourceTree = "<group>";
		};
		8CD089721ED1B50D25BAFB46 /* Pods */ = {
			isa = PBXGroup;
			children = (
				342321D58C6FD923269C5F1B /* Pods-ArchitectureProjects.debug.xcconfig */,
				A7A492E0CA0D2D836BD053E8 /* Pods-ArchitectureProjects.release.xcconfig */,
			);
			name = Pods;
			sourceTree = "<group>";
		};
/* End PBXGroup section */

/* Begin PBXNativeTarget section */
		1E058AB41ECB3A2A00C0A0A8 /* ArchitectureProjects */ = {
			isa = PBXNativeTarget;
			buildConfigurationList = 1E058ACC1ECB3A2B00C0A0A8 /* Build configuration list for PBXNativeTarget "ArchitectureProjects" */;
			buildPhases = (
				6CBB035ED6EF8B0A15CD3E06 /* [CP] Check Pods Manifest.lock */,
				1E058AB11ECB3A2A00C0A0A8 /* Sources */,
				1E058AB21ECB3A2A00C0A0A8 /* Frameworks */,
				1E058AB31ECB3A2A00C0A0A8 /* Resources */,
				A5B3B5A8E92D2D7B4CDB6B35 /* [CP] Embed Pods Frameworks */,
				5B8B26EEE9DCB661FDC88D04 /* [CP] Copy Pods Resources */,
				1E285FC61EDC0BC00090F899 /* ShellScript */,
			);
			buildRules = (
			);
			dependencies = (
			);
			name = ArchitectureProjects;
			productName = ArchitectureProjects;
			productReference = 1E058AB51ECB3A2A00C0A0A8 /* ArchitectureProjects.app */;
			productType = "com.apple.product-type.application";
		};
/* End PBXNativeTarget section */

/* Begin PBXProject section */
		1E058AAD1ECB3A2A00C0A0A8 /* Project object */ = {
			isa = PBXProject;
			attributes = {
				CLASSPREFIX = "";
				LastUpgradeCheck = 0830;
				ORGANIZATIONNAME = "Eugene Drobov";
				TargetAttributes = {
					1E058AB41ECB3A2A00C0A0A8 = {
						CreatedOnToolsVersion = 8.3.1;
						DevelopmentTeam = M2W7A5AWJY;
						LastSwiftMigration = 0830;
						ProvisioningStyle = Manual;
						SystemCapabilities = {
							com.apple.BackgroundModes = {
								enabled = 1;
							};
						};
					};
				};
			};
			buildConfigurationList = 1E058AB01ECB3A2A00C0A0A8 /* Build configuration list for PBXProject "ArchitectureProjects" */;
			compatibilityVersion = "Xcode 3.2";
			developmentRegion = English;
			hasScannedForEncodings = 0;
			knownRegions = (
				en,
				Base,
			);
			mainGroup = 1E058AAC1ECB3A2A00C0A0A8;
			productRefGroup = 1E058AB61ECB3A2A00C0A0A8 /* Products */;
			projectDirPath = "";
			projectRoot = "";
			targets = (
				1E058AB41ECB3A2A00C0A0A8 /* ArchitectureProjects */,
			);
		};
/* End PBXProject section */

/* Begin PBXResourcesBuildPhase section */
		1E058AB31ECB3A2A00C0A0A8 /* Resources */ = {
			isa = PBXResourcesBuildPhase;
			buildActionMask = 2147483647;
			files = (
				1E058AF91ECB3ADD00C0A0A8 /* Menu.storyboard in Resources */,
				6E645D721FBDB53F005BBE37 /* a.jpg in Resources */,
				1E3C53AD1EDC5E3C00CDCC22 /* APProjectDetailsCollectionViewCell.xib in Resources */,
				6E645D791FBDB53F005BBE37 /* g.jpg in Resources */,
				6E645DE91FBDC0D3005BBE37 /* stackbox_bottom.png in Resources */,
				6E645D731FBDB53F005BBE37 /* b.jpg in Resources */,
				6E645D7D1FBDB53F005BBE37 /* name_list.json in Resources */,
				6E645DEA1FBDC0D3005BBE37 /* stackbox_bottom@2x.png in Resources */,
				6E645DD61FBDC0C0005BBE37 /* Info.plist in Resources */,
				6E645D741FBDB53F005BBE37 /* background.jpg in Resources */,
				6E5DCD281FBECECA002D21DD /* BuildingRecommendsCell.xib in Resources */,
				6E645D761FBDB53F005BBE37 /* d.jpg in Resources */,
				6E645DEC1FBDC0D3005BBE37 /* stackbox_card@2x.png in Resources */,
				6E645D7B1FBDB53F005BBE37 /* i.jpg in Resources */,
				6E645DEF1FBDC0D3005BBE37 /* stackbox_card_3.png in Resources */,
				1E5A0AE71EDCB586004DEB1C /* Cost.storyboard in Resources */,
				6E239B971F305DE200B84B30 /* TabBar.storyboard in Resources */,
				6E645D781FBDB53F005BBE37 /* f.jpg in Resources */,
				6E6928361F7BA81800E83306 /* PictureCollectionViewCell.xib in Resources */,
				6E645D7C1FBDB53F005BBE37 /* j.jpg in Resources */,
				6E645D751FBDB53F005BBE37 /* c.jpg in Resources */,
				6E645D7A1FBDB53F005BBE37 /* h.jpg in Resources */,
				6E7B435D1F4351DC00703EE1 /* APModalCollectionViewCell.xib in Resources */,
				6E645DF01FBDC0D3005BBE37 /* stackbox_card_3@2x.png in Resources */,
				6E645DF21FBDC0D3005BBE37 /* stackbox_top@2x.png in Resources */,
				6E645DED1FBDC0D3005BBE37 /* stackbox_card_2.png in Resources */,
				1E5A0AE11EDCB336004DEB1C /* Start.storyboard in Resources */,
				6EB4D8391F78D8A600368A20 /* DropMenuView.xib in Resources */,
				6E645D771FBDB53F005BBE37 /* e.jpg in Resources */,
				1E058B051ECB42AA00C0A0A8 /* Localizable.strings in Resources */,
				6E645DF71FBDC444005BBE37 /* BuildingRecommendationsVC.xib in Resources */,
				6E645DEB1FBDC0D3005BBE37 /* stackbox_card.png in Resources */,
				6E645DF11FBDC0D3005BBE37 /* stackbox_top.png in Resources */,
				6E645DD81FBDC0C0005BBE37 /* Assets.xcassets in Resources */,
				1E058AF71ECB3ADD00C0A0A8 /* Main.storyboard in Resources */,
				1E5A0B031EDCB7C2004DEB1C /* Question.storyboard in Resources */,
				1E5A0B1E1EDCC800004DEB1C /* Modals.storyboard in Resources */,
				1E058AF61ECB3ADD00C0A0A8 /* LaunchScreen.storyboard in Resources */,
				6E57ADBE1FC2F26200A0D405 /* DesignRecommendsVC.xib in Resources */,
				6E645DD71FBDC0C0005BBE37 /* GoogleService-Info.plist in Resources */,
				6E8117721FCD58DC0025F174 /* DesignRecommendsCell.xib in Resources */,
				1E2571EA1ECB72F100C6107D /* APProjectCollectionViewCell.xib in Resources */,
				1E5A0B0A1EDCBB6B004DEB1C /* Contact.storyboard in Resources */,
				6E645DEE1FBDC0D3005BBE37 /* stackbox_card_2@2x.png in Resources */,
			);
			runOnlyForDeploymentPostprocessing = 0;
		};
/* End PBXResourcesBuildPhase section */

/* Begin PBXShellScriptBuildPhase section */
		1E285FC61EDC0BC00090F899 /* ShellScript */ = {
			isa = PBXShellScriptBuildPhase;
			buildActionMask = 2147483647;
			files = (
			);
			inputPaths = (
			);
			outputPaths = (
			);
			runOnlyForDeploymentPostprocessing = 0;
			shellPath = /bin/sh;
			shellScript = "./Fabric.framework/run 62097d6ca68f994b2395053fe38b14f7a41edb9f 3928b85f09d78e6d9802418fd57491cd2cc0f2945bdd0346b1e2052c5b0be349";
		};
		5B8B26EEE9DCB661FDC88D04 /* [CP] Copy Pods Resources */ = {
			isa = PBXShellScriptBuildPhase;
			buildActionMask = 2147483647;
			files = (
			);
			inputPaths = (
				"${SRCROOT}/Pods/Target Support Files/Pods-ArchitectureProjects/Pods-ArchitectureProjects-resources.sh",
				"${PODS_ROOT}/GoogleMaps/Maps/Frameworks/GoogleMaps.framework/Resources/GoogleMaps.bundle",
				"${PODS_ROOT}/GooglePlaces/Frameworks/GooglePlaces.framework/Resources/GooglePlaces.bundle",
				"${PODS_ROOT}/IQKeyboardManager/IQKeyboardManager/Resources/IQKeyboardManager.bundle",
				"${PODS_ROOT}/SAMKeychain/Support/SAMKeychain.bundle",
				"${PODS_ROOT}/SVProgressHUD/SVProgressHUD/SVProgressHUD.bundle",
			);
			name = "[CP] Copy Pods Resources";
			outputPaths = (
				"${TARGET_BUILD_DIR}/${UNLOCALIZED_RESOURCES_FOLDER_PATH}",
			);
			runOnlyForDeploymentPostprocessing = 0;
			shellPath = /bin/sh;
			shellScript = "\"${SRCROOT}/Pods/Target Support Files/Pods-ArchitectureProjects/Pods-ArchitectureProjects-resources.sh\"\n";
			showEnvVarsInLog = 0;
		};
		6CBB035ED6EF8B0A15CD3E06 /* [CP] Check Pods Manifest.lock */ = {
			isa = PBXShellScriptBuildPhase;
			buildActionMask = 2147483647;
			files = (
			);
			inputPaths = (
				"${PODS_PODFILE_DIR_PATH}/Podfile.lock",
				"${PODS_ROOT}/Manifest.lock",
			);
			name = "[CP] Check Pods Manifest.lock";
			outputPaths = (
				"$(DERIVED_FILE_DIR)/Pods-ArchitectureProjects-checkManifestLockResult.txt",
			);
			runOnlyForDeploymentPostprocessing = 0;
			shellPath = /bin/sh;
			shellScript = "diff \"${PODS_PODFILE_DIR_PATH}/Podfile.lock\" \"${PODS_ROOT}/Manifest.lock\" > /dev/null\nif [ $? != 0 ] ; then\n    # print error to STDERR\n    echo \"error: The sandbox is not in sync with the Podfile.lock. Run 'pod install' or update your CocoaPods installation.\" >&2\n    exit 1\nfi\n# This output is used by Xcode 'outputs' to avoid re-running this script phase.\necho \"SUCCESS\" > \"${SCRIPT_OUTPUT_FILE_0}\"\n";
			showEnvVarsInLog = 0;
		};
		A5B3B5A8E92D2D7B4CDB6B35 /* [CP] Embed Pods Frameworks */ = {
			isa = PBXShellScriptBuildPhase;
			buildActionMask = 2147483647;
			files = (
			);
			inputPaths = (
			);
			name = "[CP] Embed Pods Frameworks";
			outputPaths = (
			);
			runOnlyForDeploymentPostprocessing = 0;
			shellPath = /bin/sh;
			shellScript = "\"${SRCROOT}/Pods/Target Support Files/Pods-ArchitectureProjects/Pods-ArchitectureProjects-frameworks.sh\"\n";
			showEnvVarsInLog = 0;
		};
/* End PBXShellScriptBuildPhase section */

/* Begin PBXSourcesBuildPhase section */
		1E058AB11ECB3A2A00C0A0A8 /* Sources */ = {
			isa = PBXSourcesBuildPhase;
			buildActionMask = 2147483647;
			files = (
				6EB4D83C1F78DC7D00368A20 /* UIImageView+Rotation.m in Sources */,
				1E5A0AE41EDCB351004DEB1C /* APStartViewController.m in Sources */,
				6E8117711FCD58DC0025F174 /* DesignRecommendsCell.m in Sources */,
				1E285FAF1EDBFE0D0090F899 /* APProjectManager.m in Sources */,
				1E5A0ADE1EDCB0F8004DEB1C /* APMenuTableViewCell.m in Sources */,
				6E5DCD271FBECECA002D21DD /* BuildingRecommendsCell.m in Sources */,
				1E285FC11EDC09040090F899 /* APUserManager.m in Sources */,
				1E1667371ECD79A80033EBB6 /* APProjectDetailsViewController.m in Sources */,
				6E57ADBD1FC2F26200A0D405 /* DesignRecommendsVC.m in Sources */,
				6E7B435C1F4351DC00703EE1 /* APModalCollectionViewCell.m in Sources */,
				1E058AFF1ECB3BF000C0A0A8 /* APMainViewController.m in Sources */,
				1E285FB31EDBFF520090F899 /* APNetworkHelper.m in Sources */,
				1E3C539F1EDC339900CDCC22 /* APDownloadHelper.m in Sources */,
				6E7B43571F43392900703EE1 /* ModalCollectionVC.m in Sources */,
				6EB4D8431F78F1E700368A20 /* FilterTableViewController.m in Sources */,
				1E058ABD1ECB3A2B00C0A0A8 /* AppDelegate.m in Sources */,
				6E5E337E1F7A3D22002BF588 /* UIImage+Smart.m in Sources */,
				6E7B43561F43392600703EE1 /* SimpleYesNoModalVC.m in Sources */,
				1E058AF51ECB3ADD00C0A0A8 /* Utils.m in Sources */,
				6E01EF4C1F792AF30007AD11 /* NSObject+Smart.m in Sources */,
				6E645DF61FBDC444005BBE37 /* BuildingRecommendationsVC.m in Sources */,
				1E285FBA1EDC02DE0090F899 /* APUser.m in Sources */,
				6E7B43581F43392B00703EE1 /* UIViewController+ShowModal.m in Sources */,
				1E3C539B1EDC1A8200CDCC22 /* APImagesObject.m in Sources */,
				1E5A0AEA1EDCB5AD004DEB1C /* APCostViewController.m in Sources */,
				1E5A0B0D1EDCBBD9004DEB1C /* APContactViewController.m in Sources */,
				1E058AED1ECB3ADD00C0A0A8 /* BaseViewController.m in Sources */,
				6E7B43551F43392400703EE1 /* SimpleModalVC.m in Sources */,
				1E285FBD1EDC08A80090F899 /* NSString+AP.m in Sources */,
				6E2F5F131F29C1CC00C5B30D /* APImage.m in Sources */,
				1E16673E1ECD7DB70033EBB6 /* APProjectObject.m in Sources */,
				6E6E7FE91FCC07ED0026554A /* FormDataSource.m in Sources */,
				1E058ABA1ECB3A2B00C0A0A8 /* main.m in Sources */,
				1E285FB71EDC01EA0090F899 /* APRealmManager.m in Sources */,
				6E239B9B1F30761700B84B30 /* APTabBarViewController.m in Sources */,
				1E34DDAB1EDE119B005CE73C /* UIAlertController+AP.m in Sources */,
				6E6928351F7BA81800E83306 /* PictureCollectionViewCell.m in Sources */,
				1E5A0ADB1EDCAD1D004DEB1C /* APMenuViewController.m in Sources */,
				6EB4D8371F78D89800368A20 /* DropMenuView.m in Sources */,
				6EEA733E1F42F1D1000EA52E /* APLocationManager.m in Sources */,
				1E3C53A41EDC343A00CDCC22 /* APFileHelper.m in Sources */,
				6E2480F91FC83BF600B1AAF8 /* FormVC.m in Sources */,
				6E01EF491F792A0C0007AD11 /* FontHelper.m in Sources */,
				1E16673A1ECD7B6E0033EBB6 /* APProjectDetailsTableViewCell.m in Sources */,
				6E7B43541F43392100703EE1 /* ModalViewController.m in Sources */,
				6E5E33811F7A3F98002BF588 /* UserImage.m in Sources */,
				1E3C53AB1EDC5E3100CDCC22 /* APProjectDetailsCollectionViewCell.m in Sources */,
				6E81176D1FCD56450025F174 /* DesignObject.m in Sources */,
				6EED5FFB1F438551007FB771 /* UIColor+App.m in Sources */,
				1E5A0B081EDCB856004DEB1C /* APQuestionViewController.m in Sources */,
				6E5E337B1F7A32B5002BF588 /* PicturesViewController.m in Sources */,
				6E5DCD2B1FBED127002D21DD /* RecommendationsManager.m in Sources */,
				1E2571E81ECB72C900C6107D /* APProjectCollectionViewCell.m in Sources */,
				6E5DCD2E1FBED1BE002D21DD /* RecommendationObject.m in Sources */,
				1E285FC51EDC095E0090F899 /* APKeychainManager.m in Sources */,
				1E058B031ECB403B00C0A0A8 /* UIViewController+RevealViewController.m in Sources */,
				6E6E7FEC1FCC09BC0026554A /* FormCell.m in Sources */,
				6EB4D83F1F78DE0A00368A20 /* CustomButton.m in Sources */,
				6E645D241FBD6405005BBE37 /* RecommendationsVC.m in Sources */,
				6EEA733B1F42D3FC000EA52E /* APMapViewController.m in Sources */,
				1E058AF31ECB3ADD00C0A0A8 /* RevealViewController.m in Sources */,
			);
			runOnlyForDeploymentPostprocessing = 0;
		};
/* End PBXSourcesBuildPhase section */

/* Begin XCBuildConfiguration section */
		1E058ACA1ECB3A2B00C0A0A8 /* Debug */ = {
			isa = XCBuildConfiguration;
			buildSettings = {
				ALWAYS_SEARCH_USER_PATHS = NO;
				CLANG_ANALYZER_NONNULL = YES;
				CLANG_ANALYZER_NUMBER_OBJECT_CONVERSION = YES_AGGRESSIVE;
				CLANG_CXX_LANGUAGE_STANDARD = "gnu++0x";
				CLANG_CXX_LIBRARY = "libc++";
				CLANG_ENABLE_MODULES = YES;
				CLANG_ENABLE_OBJC_ARC = YES;
				CLANG_WARN_BOOL_CONVERSION = YES;
				CLANG_WARN_CONSTANT_CONVERSION = YES;
				CLANG_WARN_DIRECT_OBJC_ISA_USAGE = YES_ERROR;
				CLANG_WARN_DOCUMENTATION_COMMENTS = YES;
				CLANG_WARN_EMPTY_BODY = YES;
				CLANG_WARN_ENUM_CONVERSION = YES;
				CLANG_WARN_INFINITE_RECURSION = YES;
				CLANG_WARN_INT_CONVERSION = YES;
				CLANG_WARN_OBJC_ROOT_CLASS = YES_ERROR;
				CLANG_WARN_SUSPICIOUS_MOVE = YES;
				CLANG_WARN_UNREACHABLE_CODE = YES;
				CLANG_WARN__DUPLICATE_METHOD_MATCH = YES;
				"CODE_SIGN_IDENTITY[sdk=iphoneos*]" = "iPhone Developer";
				COPY_PHASE_STRIP = NO;
				DEBUG_INFORMATION_FORMAT = dwarf;
				ENABLE_STRICT_OBJC_MSGSEND = YES;
				ENABLE_TESTABILITY = YES;
				GCC_C_LANGUAGE_STANDARD = gnu99;
				GCC_DYNAMIC_NO_PIC = NO;
				GCC_NO_COMMON_BLOCKS = YES;
				GCC_OPTIMIZATION_LEVEL = 0;
				GCC_PREPROCESSOR_DEFINITIONS = (
					"DEBUG=1",
					"$(inherited)",
				);
				GCC_WARN_64_TO_32_BIT_CONVERSION = YES;
				GCC_WARN_ABOUT_RETURN_TYPE = YES_ERROR;
				GCC_WARN_UNDECLARED_SELECTOR = YES;
				GCC_WARN_UNINITIALIZED_AUTOS = YES_AGGRESSIVE;
				GCC_WARN_UNUSED_FUNCTION = YES;
				GCC_WARN_UNUSED_VARIABLE = YES;
				IPHONEOS_DEPLOYMENT_TARGET = 9.0;
				MTL_ENABLE_DEBUG_INFO = YES;
				ONLY_ACTIVE_ARCH = YES;
				SDKROOT = iphoneos;
				TARGETED_DEVICE_FAMILY = "1,2";
			};
			name = Debug;
		};
		1E058ACB1ECB3A2B00C0A0A8 /* Release */ = {
			isa = XCBuildConfiguration;
			buildSettings = {
				ALWAYS_SEARCH_USER_PATHS = NO;
				CLANG_ANALYZER_NONNULL = YES;
				CLANG_ANALYZER_NUMBER_OBJECT_CONVERSION = YES_AGGRESSIVE;
				CLANG_CXX_LANGUAGE_STANDARD = "gnu++0x";
				CLANG_CXX_LIBRARY = "libc++";
				CLANG_ENABLE_MODULES = YES;
				CLANG_ENABLE_OBJC_ARC = YES;
				CLANG_WARN_BOOL_CONVERSION = YES;
				CLANG_WARN_CONSTANT_CONVERSION = YES;
				CLANG_WARN_DIRECT_OBJC_ISA_USAGE = YES_ERROR;
				CLANG_WARN_DOCUMENTATION_COMMENTS = YES;
				CLANG_WARN_EMPTY_BODY = YES;
				CLANG_WARN_ENUM_CONVERSION = YES;
				CLANG_WARN_INFINITE_RECURSION = YES;
				CLANG_WARN_INT_CONVERSION = YES;
				CLANG_WARN_OBJC_ROOT_CLASS = YES_ERROR;
				CLANG_WARN_SUSPICIOUS_MOVE = YES;
				CLANG_WARN_UNREACHABLE_CODE = YES;
				CLANG_WARN__DUPLICATE_METHOD_MATCH = YES;
				"CODE_SIGN_IDENTITY[sdk=iphoneos*]" = "iPhone Developer";
				COPY_PHASE_STRIP = NO;
				DEBUG_INFORMATION_FORMAT = "dwarf-with-dsym";
				ENABLE_NS_ASSERTIONS = NO;
				ENABLE_STRICT_OBJC_MSGSEND = YES;
				GCC_C_LANGUAGE_STANDARD = gnu99;
				GCC_NO_COMMON_BLOCKS = YES;
				GCC_WARN_64_TO_32_BIT_CONVERSION = YES;
				GCC_WARN_ABOUT_RETURN_TYPE = YES_ERROR;
				GCC_WARN_UNDECLARED_SELECTOR = YES;
				GCC_WARN_UNINITIALIZED_AUTOS = YES_AGGRESSIVE;
				GCC_WARN_UNUSED_FUNCTION = YES;
				GCC_WARN_UNUSED_VARIABLE = YES;
				IPHONEOS_DEPLOYMENT_TARGET = 9.0;
				MTL_ENABLE_DEBUG_INFO = NO;
				SDKROOT = iphoneos;
				TARGETED_DEVICE_FAMILY = "1,2";
				VALIDATE_PRODUCT = YES;
			};
			name = Release;
		};
		1E058ACD1ECB3A2B00C0A0A8 /* Debug */ = {
			isa = XCBuildConfiguration;
			baseConfigurationReference = 342321D58C6FD923269C5F1B /* Pods-ArchitectureProjects.debug.xcconfig */;
			buildSettings = {
				ARCHS = "$(ARCHS_STANDARD)";
				ASSETCATALOG_COMPILER_APPICON_NAME = AppIcon;
				"CODE_SIGN_IDENTITY[sdk=iphoneos*]" = "iPhone Developer";
				CODE_SIGN_STYLE = Manual;
				DEVELOPMENT_TEAM = M2W7A5AWJY;
				INFOPLIST_FILE = "$(SRCROOT)/ArchitectureProjects/Resources/Info.plist";
				IPHONEOS_DEPLOYMENT_TARGET = 9.0;
				LD_RUNPATH_SEARCH_PATHS = "$(inherited) @executable_path/Frameworks";
				LIBRARY_SEARCH_PATHS = (
					"$(inherited)",
					"$(PROJECT_DIR)/ArchitectureProjects/ViewControllers/Recommendations/Building/StackBox",
					"$(PROJECT_DIR)/ArchitectureProjects/ThirdParty/StackBox",
				);
				ONLY_ACTIVE_ARCH = YES;
				PRODUCT_BUNDLE_IDENTIFIER = com.drobov.ArchitectureProjects;
				PRODUCT_NAME = "$(TARGET_NAME)";
				PROVISIONING_PROFILE = "3dd73f41-5a94-4325-be79-4ec24e5d5de1";
				PROVISIONING_PROFILE_SPECIFIER = "ArchitectureProjects Dev";
				SWIFT_VERSION = 3.0;
				VALID_ARCHS = "arm64 armv7 armv7s";
			};
			name = Debug;
		};
		1E058ACE1ECB3A2B00C0A0A8 /* Release */ = {
			isa = XCBuildConfiguration;
			baseConfigurationReference = A7A492E0CA0D2D836BD053E8 /* Pods-ArchitectureProjects.release.xcconfig */;
			buildSettings = {
				ARCHS = "$(ARCHS_STANDARD)";
				ASSETCATALOG_COMPILER_APPICON_NAME = AppIcon;
				"CODE_SIGN_IDENTITY[sdk=iphoneos*]" = "iPhone Distribution";
				CODE_SIGN_STYLE = Manual;
				DEVELOPMENT_TEAM = M2W7A5AWJY;
				INFOPLIST_FILE = "$(SRCROOT)/ArchitectureProjects/Resources/Info.plist";
				IPHONEOS_DEPLOYMENT_TARGET = 9.0;
				LD_RUNPATH_SEARCH_PATHS = "$(inherited) @executable_path/Frameworks";
				LIBRARY_SEARCH_PATHS = (
					"$(inherited)",
					"$(PROJECT_DIR)/ArchitectureProjects/ViewControllers/Recommendations/Building/StackBox",
					"$(PROJECT_DIR)/ArchitectureProjects/ThirdParty/StackBox",
				);
				ONLY_ACTIVE_ARCH = YES;
				PRODUCT_BUNDLE_IDENTIFIER = com.drobov.ArchitectureProjects;
				PRODUCT_NAME = "$(TARGET_NAME)";
				PROVISIONING_PROFILE = "1e88ac2f-67d2-4326-8636-a4f279ef846f";
				PROVISIONING_PROFILE_SPECIFIER = "ArchitectureProjects Adhoc";
				SWIFT_VERSION = 3.0;
				VALID_ARCHS = "arm64 armv7 armv7s";
			};
			name = Release;
		};
/* End XCBuildConfiguration section */

/* Begin XCConfigurationList section */
		1E058AB01ECB3A2A00C0A0A8 /* Build configuration list for PBXProject "ArchitectureProjects" */ = {
			isa = XCConfigurationList;
			buildConfigurations = (
				1E058ACA1ECB3A2B00C0A0A8 /* Debug */,
				1E058ACB1ECB3A2B00C0A0A8 /* Release */,
			);
			defaultConfigurationIsVisible = 0;
			defaultConfigurationName = Release;
		};
		1E058ACC1ECB3A2B00C0A0A8 /* Build configuration list for PBXNativeTarget "ArchitectureProjects" */ = {
			isa = XCConfigurationList;
			buildConfigurations = (
				1E058ACD1ECB3A2B00C0A0A8 /* Debug */,
				1E058ACE1ECB3A2B00C0A0A8 /* Release */,
			);
			defaultConfigurationIsVisible = 0;
			defaultConfigurationName = Release;
		};
/* End XCConfigurationList section */
	};
	rootObject = 1E058AAD1ECB3A2A00C0A0A8 /* Project object */;
}
