// !$*UTF8*$!
{
	archiveVersion = 1;
	classes = {
	};
	objectVersion = 46;
	objects = {

/* Begin PBXBuildFile section */
		1E058ABA1ECB3A2B00C0A0A8 /* main.m in Sources */ = {isa = PBXBuildFile; fileRef = 1E058AB91ECB3A2B00C0A0A8 /* main.m */; };
		1E058ABD1ECB3A2B00C0A0A8 /* AppDelegate.m in Sources */ = {isa = PBXBuildFile; fileRef = 1E058ABC1ECB3A2B00C0A0A8 /* AppDelegate.m */; };
		1E058AC51ECB3A2B00C0A0A8 /* Assets.xcassets in Resources */ = {isa = PBXBuildFile; fileRef = 1E058AC41ECB3A2B00C0A0A8 /* Assets.xcassets */; };
		1E058AED1ECB3ADD00C0A0A8 /* BaseViewController.m in Sources */ = {isa = PBXBuildFile; fileRef = 1E058AD21ECB3ADD00C0A0A8 /* BaseViewController.m */; };
		1E058AEF1ECB3ADD00C0A0A8 /* Modals.storyboard in Resources */ = {isa = PBXBuildFile; fileRef = 1E058AD71ECB3ADD00C0A0A8 /* Modals.storyboard */; };
		1E058AF01ECB3ADD00C0A0A8 /* ModalViewController.m in Sources */ = {isa = PBXBuildFile; fileRef = 1E058AD91ECB3ADD00C0A0A8 /* ModalViewController.m */; };
		1E058AF11ECB3ADD00C0A0A8 /* SimpleModalVC.m in Sources */ = {isa = PBXBuildFile; fileRef = 1E058ADB1ECB3ADD00C0A0A8 /* SimpleModalVC.m */; };
		1E058AF21ECB3ADD00C0A0A8 /* UIViewController+ShowModal.m in Sources */ = {isa = PBXBuildFile; fileRef = 1E058ADD1ECB3ADD00C0A0A8 /* UIViewController+ShowModal.m */; };
		1E058AF31ECB3ADD00C0A0A8 /* RevealViewController.m in Sources */ = {isa = PBXBuildFile; fileRef = 1E058AE01ECB3ADD00C0A0A8 /* RevealViewController.m */; };
		1E058AF51ECB3ADD00C0A0A8 /* Utils.m in Sources */ = {isa = PBXBuildFile; fileRef = 1E058AE61ECB3ADD00C0A0A8 /* Utils.m */; };
		1E058AF61ECB3ADD00C0A0A8 /* LaunchScreen.storyboard in Resources */ = {isa = PBXBuildFile; fileRef = 1E058AE81ECB3ADD00C0A0A8 /* LaunchScreen.storyboard */; };
		1E058AF71ECB3ADD00C0A0A8 /* Main.storyboard in Resources */ = {isa = PBXBuildFile; fileRef = 1E058AE91ECB3ADD00C0A0A8 /* Main.storyboard */; };
		1E058AF91ECB3ADD00C0A0A8 /* Menu.storyboard in Resources */ = {isa = PBXBuildFile; fileRef = 1E058AEB1ECB3ADD00C0A0A8 /* Menu.storyboard */; };
		1E058AFB1ECB3B8F00C0A0A8 /* Projects.storyboard in Resources */ = {isa = PBXBuildFile; fileRef = 1E058AFA1ECB3B8F00C0A0A8 /* Projects.storyboard */; };
		1E058AFF1ECB3BF000C0A0A8 /* APMainViewController.m in Sources */ = {isa = PBXBuildFile; fileRef = 1E058AFE1ECB3BF000C0A0A8 /* APMainViewController.m */; };
		1E058B031ECB403B00C0A0A8 /* UIViewController+RevealViewController.m in Sources */ = {isa = PBXBuildFile; fileRef = 1E058B021ECB403B00C0A0A8 /* UIViewController+RevealViewController.m */; };
		1E058B051ECB42AA00C0A0A8 /* Localizable.strings in Resources */ = {isa = PBXBuildFile; fileRef = 1E058B041ECB42AA00C0A0A8 /* Localizable.strings */; };
		1E2571E81ECB72C900C6107D /* APProjectCollectionViewCell.m in Sources */ = {isa = PBXBuildFile; fileRef = 1E2571E71ECB72C900C6107D /* APProjectCollectionViewCell.m */; };
		1E2571EA1ECB72F100C6107D /* APProjectCollectionViewCell.xib in Resources */ = {isa = PBXBuildFile; fileRef = 1E2571E91ECB72F100C6107D /* APProjectCollectionViewCell.xib */; };
		7448E2793C1EDCE0F8B7AB66 /* libPods-ArchitectureProjects.a in Frameworks */ = {isa = PBXBuildFile; fileRef = F345608FFF3A7DE1859E9955 /* libPods-ArchitectureProjects.a */; };
/* End PBXBuildFile section */

/* Begin PBXFileReference section */
		1E058AB51ECB3A2A00C0A0A8 /* ArchitectureProjects.app */ = {isa = PBXFileReference; explicitFileType = wrapper.application; includeInIndex = 0; path = ArchitectureProjects.app; sourceTree = BUILT_PRODUCTS_DIR; };
		1E058AB91ECB3A2B00C0A0A8 /* main.m */ = {isa = PBXFileReference; lastKnownFileType = sourcecode.c.objc; path = main.m; sourceTree = "<group>"; };
		1E058ABB1ECB3A2B00C0A0A8 /* AppDelegate.h */ = {isa = PBXFileReference; lastKnownFileType = sourcecode.c.h; path = AppDelegate.h; sourceTree = "<group>"; };
		1E058ABC1ECB3A2B00C0A0A8 /* AppDelegate.m */ = {isa = PBXFileReference; lastKnownFileType = sourcecode.c.objc; path = AppDelegate.m; sourceTree = "<group>"; };
		1E058AC41ECB3A2B00C0A0A8 /* Assets.xcassets */ = {isa = PBXFileReference; lastKnownFileType = folder.assetcatalog; path = Assets.xcassets; sourceTree = "<group>"; };
		1E058AC91ECB3A2B00C0A0A8 /* Info.plist */ = {isa = PBXFileReference; lastKnownFileType = text.plist.xml; path = Info.plist; sourceTree = "<group>"; };
		1E058AD11ECB3ADD00C0A0A8 /* BaseViewController.h */ = {isa = PBXFileReference; fileEncoding = 4; lastKnownFileType = sourcecode.c.h; path = BaseViewController.h; sourceTree = "<group>"; };
		1E058AD21ECB3ADD00C0A0A8 /* BaseViewController.m */ = {isa = PBXFileReference; fileEncoding = 4; lastKnownFileType = sourcecode.c.objc; path = BaseViewController.m; sourceTree = "<group>"; };
		1E058AD71ECB3ADD00C0A0A8 /* Modals.storyboard */ = {isa = PBXFileReference; fileEncoding = 4; lastKnownFileType = file.storyboard; path = Modals.storyboard; sourceTree = "<group>"; };
		1E058AD81ECB3ADD00C0A0A8 /* ModalViewController.h */ = {isa = PBXFileReference; fileEncoding = 4; lastKnownFileType = sourcecode.c.h; path = ModalViewController.h; sourceTree = "<group>"; };
		1E058AD91ECB3ADD00C0A0A8 /* ModalViewController.m */ = {isa = PBXFileReference; fileEncoding = 4; lastKnownFileType = sourcecode.c.objc; path = ModalViewController.m; sourceTree = "<group>"; };
		1E058ADA1ECB3ADD00C0A0A8 /* SimpleModalVC.h */ = {isa = PBXFileReference; fileEncoding = 4; lastKnownFileType = sourcecode.c.h; path = SimpleModalVC.h; sourceTree = "<group>"; };
		1E058ADB1ECB3ADD00C0A0A8 /* SimpleModalVC.m */ = {isa = PBXFileReference; fileEncoding = 4; lastKnownFileType = sourcecode.c.objc; path = SimpleModalVC.m; sourceTree = "<group>"; };
		1E058ADC1ECB3ADD00C0A0A8 /* UIViewController+ShowModal.h */ = {isa = PBXFileReference; fileEncoding = 4; lastKnownFileType = sourcecode.c.h; path = "UIViewController+ShowModal.h"; sourceTree = "<group>"; };
		1E058ADD1ECB3ADD00C0A0A8 /* UIViewController+ShowModal.m */ = {isa = PBXFileReference; fileEncoding = 4; lastKnownFileType = sourcecode.c.objc; path = "UIViewController+ShowModal.m"; sourceTree = "<group>"; };
		1E058ADF1ECB3ADD00C0A0A8 /* RevealViewController.h */ = {isa = PBXFileReference; fileEncoding = 4; lastKnownFileType = sourcecode.c.h; path = RevealViewController.h; sourceTree = "<group>"; };
		1E058AE01ECB3ADD00C0A0A8 /* RevealViewController.m */ = {isa = PBXFileReference; fileEncoding = 4; lastKnownFileType = sourcecode.c.objc; path = RevealViewController.m; sourceTree = "<group>"; };
		1E058AE21ECB3ADD00C0A0A8 /* Macros.h */ = {isa = PBXFileReference; fileEncoding = 4; lastKnownFileType = sourcecode.c.h; path = Macros.h; sourceTree = "<group>"; };
		1E058AE51ECB3ADD00C0A0A8 /* Utils.h */ = {isa = PBXFileReference; fileEncoding = 4; lastKnownFileType = sourcecode.c.h; path = Utils.h; sourceTree = "<group>"; };
		1E058AE61ECB3ADD00C0A0A8 /* Utils.m */ = {isa = PBXFileReference; fileEncoding = 4; lastKnownFileType = sourcecode.c.objc; path = Utils.m; sourceTree = "<group>"; };
		1E058AE81ECB3ADD00C0A0A8 /* LaunchScreen.storyboard */ = {isa = PBXFileReference; fileEncoding = 4; lastKnownFileType = file.storyboard; path = LaunchScreen.storyboard; sourceTree = "<group>"; };
		1E058AE91ECB3ADD00C0A0A8 /* Main.storyboard */ = {isa = PBXFileReference; fileEncoding = 4; lastKnownFileType = file.storyboard; path = Main.storyboard; sourceTree = "<group>"; };
		1E058AEB1ECB3ADD00C0A0A8 /* Menu.storyboard */ = {isa = PBXFileReference; fileEncoding = 4; lastKnownFileType = file.storyboard; path = Menu.storyboard; sourceTree = "<group>"; };
		1E058AFA1ECB3B8F00C0A0A8 /* Projects.storyboard */ = {isa = PBXFileReference; fileEncoding = 4; lastKnownFileType = file.storyboard; path = Projects.storyboard; sourceTree = "<group>"; };
		1E058AFD1ECB3BF000C0A0A8 /* APMainViewController.h */ = {isa = PBXFileReference; fileEncoding = 4; lastKnownFileType = sourcecode.c.h; path = APMainViewController.h; sourceTree = "<group>"; };
		1E058AFE1ECB3BF000C0A0A8 /* APMainViewController.m */ = {isa = PBXFileReference; fileEncoding = 4; lastKnownFileType = sourcecode.c.objc; path = APMainViewController.m; sourceTree = "<group>"; };
		1E058B011ECB403B00C0A0A8 /* UIViewController+RevealViewController.h */ = {isa = PBXFileReference; fileEncoding = 4; lastKnownFileType = sourcecode.c.h; path = "UIViewController+RevealViewController.h"; sourceTree = "<group>"; };
		1E058B021ECB403B00C0A0A8 /* UIViewController+RevealViewController.m */ = {isa = PBXFileReference; fileEncoding = 4; lastKnownFileType = sourcecode.c.objc; path = "UIViewController+RevealViewController.m"; sourceTree = "<group>"; };
		1E058B041ECB42AA00C0A0A8 /* Localizable.strings */ = {isa = PBXFileReference; fileEncoding = 4; lastKnownFileType = text.plist.strings; path = Localizable.strings; sourceTree = "<group>"; };
		1E2571E61ECB72C900C6107D /* APProjectCollectionViewCell.h */ = {isa = PBXFileReference; fileEncoding = 4; lastKnownFileType = sourcecode.c.h; path = APProjectCollectionViewCell.h; sourceTree = "<group>"; };
		1E2571E71ECB72C900C6107D /* APProjectCollectionViewCell.m */ = {isa = PBXFileReference; fileEncoding = 4; lastKnownFileType = sourcecode.c.objc; path = APProjectCollectionViewCell.m; sourceTree = "<group>"; };
		1E2571E91ECB72F100C6107D /* APProjectCollectionViewCell.xib */ = {isa = PBXFileReference; fileEncoding = 4; lastKnownFileType = file.xib; path = APProjectCollectionViewCell.xib; sourceTree = "<group>"; };
		1E2571EB1ECB849000C6107D /* APConstants.h */ = {isa = PBXFileReference; fileEncoding = 4; lastKnownFileType = sourcecode.c.h; path = APConstants.h; sourceTree = "<group>"; };
		342321D58C6FD923269C5F1B /* Pods-ArchitectureProjects.debug.xcconfig */ = {isa = PBXFileReference; includeInIndex = 1; lastKnownFileType = text.xcconfig; name = "Pods-ArchitectureProjects.debug.xcconfig"; path = "Pods/Target Support Files/Pods-ArchitectureProjects/Pods-ArchitectureProjects.debug.xcconfig"; sourceTree = "<group>"; };
		A7A492E0CA0D2D836BD053E8 /* Pods-ArchitectureProjects.release.xcconfig */ = {isa = PBXFileReference; includeInIndex = 1; lastKnownFileType = text.xcconfig; name = "Pods-ArchitectureProjects.release.xcconfig"; path = "Pods/Target Support Files/Pods-ArchitectureProjects/Pods-ArchitectureProjects.release.xcconfig"; sourceTree = "<group>"; };
		F345608FFF3A7DE1859E9955 /* libPods-ArchitectureProjects.a */ = {isa = PBXFileReference; explicitFileType = archive.ar; includeInIndex = 0; path = "libPods-ArchitectureProjects.a"; sourceTree = BUILT_PRODUCTS_DIR; };
/* End PBXFileReference section */

/* Begin PBXFrameworksBuildPhase section */
		1E058AB21ECB3A2A00C0A0A8 /* Frameworks */ = {
			isa = PBXFrameworksBuildPhase;
			buildActionMask = 2147483647;
			files = (
				7448E2793C1EDCE0F8B7AB66 /* libPods-ArchitectureProjects.a in Frameworks */,
			);
			runOnlyForDeploymentPostprocessing = 0;
		};
/* End PBXFrameworksBuildPhase section */

/* Begin PBXGroup section */
		1E058AAC1ECB3A2A00C0A0A8 = {
			isa = PBXGroup;
			children = (
				1E058AB71ECB3A2A00C0A0A8 /* ArchitectureProjects */,
				1E058AB61ECB3A2A00C0A0A8 /* Products */,
				8CD089721ED1B50D25BAFB46 /* Pods */,
				482CEA2CBABEE368BEBB3714 /* Frameworks */,
			);
			sourceTree = "<group>";
		};
		1E058AB61ECB3A2A00C0A0A8 /* Products */ = {
			isa = PBXGroup;
			children = (
				1E058AB51ECB3A2A00C0A0A8 /* ArchitectureProjects.app */,
			);
			name = Products;
			sourceTree = "<group>";
		};
		1E058AB71ECB3A2A00C0A0A8 /* ArchitectureProjects */ = {
			isa = PBXGroup;
			children = (
				1E058ACF1ECB3ADD00C0A0A8 /* ViewControllers */,
				1E058AE11ECB3ADD00C0A0A8 /* Utils */,
				1E058AE71ECB3ADD00C0A0A8 /* Storyboards */,
				1E058AEC1ECB3ADD00C0A0A8 /* Model */,
				1E058ABB1ECB3A2B00C0A0A8 /* AppDelegate.h */,
				1E058ABC1ECB3A2B00C0A0A8 /* AppDelegate.m */,
				1E058AC41ECB3A2B00C0A0A8 /* Assets.xcassets */,
				1E058AC91ECB3A2B00C0A0A8 /* Info.plist */,
				1E058AB81ECB3A2B00C0A0A8 /* Supporting Files */,
			);
			path = ArchitectureProjects;
			sourceTree = "<group>";
		};
		1E058AB81ECB3A2B00C0A0A8 /* Supporting Files */ = {
			isa = PBXGroup;
			children = (
				1E058AB91ECB3A2B00C0A0A8 /* main.m */,
				1E058B041ECB42AA00C0A0A8 /* Localizable.strings */,
			);
			name = "Supporting Files";
			sourceTree = "<group>";
		};
		1E058ACF1ECB3ADD00C0A0A8 /* ViewControllers */ = {
			isa = PBXGroup;
			children = (
				1E058AFC1ECB3BCD00C0A0A8 /* Main */,
				1E058AD01ECB3ADD00C0A0A8 /* Abstract */,
				1E058AD61ECB3ADD00C0A0A8 /* Modals */,
				1E058ADE1ECB3ADD00C0A0A8 /* Root */,
			);
			path = ViewControllers;
			sourceTree = "<group>";
		};
		1E058AD01ECB3ADD00C0A0A8 /* Abstract */ = {
			isa = PBXGroup;
			children = (
				1E058AD11ECB3ADD00C0A0A8 /* BaseViewController.h */,
				1E058AD21ECB3ADD00C0A0A8 /* BaseViewController.m */,
			);
			path = Abstract;
			sourceTree = "<group>";
		};
		1E058AD61ECB3ADD00C0A0A8 /* Modals */ = {
			isa = PBXGroup;
			children = (
				1E058AD71ECB3ADD00C0A0A8 /* Modals.storyboard */,
				1E058AD81ECB3ADD00C0A0A8 /* ModalViewController.h */,
				1E058AD91ECB3ADD00C0A0A8 /* ModalViewController.m */,
				1E058ADA1ECB3ADD00C0A0A8 /* SimpleModalVC.h */,
				1E058ADB1ECB3ADD00C0A0A8 /* SimpleModalVC.m */,
				1E058ADC1ECB3ADD00C0A0A8 /* UIViewController+ShowModal.h */,
				1E058ADD1ECB3ADD00C0A0A8 /* UIViewController+ShowModal.m */,
			);
			path = Modals;
			sourceTree = "<group>";
		};
		1E058ADE1ECB3ADD00C0A0A8 /* Root */ = {
			isa = PBXGroup;
			children = (
				1E058ADF1ECB3ADD00C0A0A8 /* RevealViewController.h */,
				1E058AE01ECB3ADD00C0A0A8 /* RevealViewController.m */,
			);
			path = Root;
			sourceTree = "<group>";
		};
		1E058AE11ECB3ADD00C0A0A8 /* Utils */ = {
			isa = PBXGroup;
			children = (
				1E058B001ECB401800C0A0A8 /* Extensions */,
				1E058AE21ECB3ADD00C0A0A8 /* Macros.h */,
				1E058AE51ECB3ADD00C0A0A8 /* Utils.h */,
				1E058AE61ECB3ADD00C0A0A8 /* Utils.m */,
				1E2571EB1ECB849000C6107D /* APConstants.h */,
			);
			path = Utils;
			sourceTree = "<group>";
		};
		1E058AE71ECB3ADD00C0A0A8 /* Storyboards */ = {
			isa = PBXGroup;
			children = (
				1E058AE81ECB3ADD00C0A0A8 /* LaunchScreen.storyboard */,
				1E058AE91ECB3ADD00C0A0A8 /* Main.storyboard */,
				1E058AEB1ECB3ADD00C0A0A8 /* Menu.storyboard */,
				1E058AFA1ECB3B8F00C0A0A8 /* Projects.storyboard */,
			);
			path = Storyboards;
			sourceTree = "<group>";
		};
		1E058AEC1ECB3ADD00C0A0A8 /* Model */ = {
			isa = PBXGroup;
			children = (
			);
			path = Model;
			sourceTree = "<group>";
		};
		1E058AFC1ECB3BCD00C0A0A8 /* Main */ = {
			isa = PBXGroup;
			children = (
				1E2571E51ECB72A400C6107D /* ProjectCell */,
				1E058AFD1ECB3BF000C0A0A8 /* APMainViewController.h */,
				1E058AFE1ECB3BF000C0A0A8 /* APMainViewController.m */,
			);
			path = Main;
			sourceTree = "<group>";
		};
		1E058B001ECB401800C0A0A8 /* Extensions */ = {
			isa = PBXGroup;
			children = (
				1E058B011ECB403B00C0A0A8 /* UIViewController+RevealViewController.h */,
				1E058B021ECB403B00C0A0A8 /* UIViewController+RevealViewController.m */,
			);
			path = Extensions;
			sourceTree = "<group>";
		};
		1E2571E51ECB72A400C6107D /* ProjectCell */ = {
			isa = PBXGroup;
			children = (
				1E2571E61ECB72C900C6107D /* APProjectCollectionViewCell.h */,
				1E2571E71ECB72C900C6107D /* APProjectCollectionViewCell.m */,
				1E2571E91ECB72F100C6107D /* APProjectCollectionViewCell.xib */,
			);
			path = ProjectCell;
			sourceTree = "<group>";
		};
		482CEA2CBABEE368BEBB3714 /* Frameworks */ = {
			isa = PBXGroup;
			children = (
				F345608FFF3A7DE1859E9955 /* libPods-ArchitectureProjects.a */,
			);
			name = Frameworks;
			sourceTree = "<group>";
		};
		8CD089721ED1B50D25BAFB46 /* Pods */ = {
			isa = PBXGroup;
			children = (
				342321D58C6FD923269C5F1B /* Pods-ArchitectureProjects.debug.xcconfig */,
				A7A492E0CA0D2D836BD053E8 /* Pods-ArchitectureProjects.release.xcconfig */,
			);
			name = Pods;
			sourceTree = "<group>";
		};
/* End PBXGroup section */

/* Begin PBXNativeTarget section */
		1E058AB41ECB3A2A00C0A0A8 /* ArchitectureProjects */ = {
			isa = PBXNativeTarget;
			buildConfigurationList = 1E058ACC1ECB3A2B00C0A0A8 /* Build configuration list for PBXNativeTarget "ArchitectureProjects" */;
			buildPhases = (
				6CBB035ED6EF8B0A15CD3E06 /* [CP] Check Pods Manifest.lock */,
				1E058AB11ECB3A2A00C0A0A8 /* Sources */,
				1E058AB21ECB3A2A00C0A0A8 /* Frameworks */,
				1E058AB31ECB3A2A00C0A0A8 /* Resources */,
				A5B3B5A8E92D2D7B4CDB6B35 /* [CP] Embed Pods Frameworks */,
				5B8B26EEE9DCB661FDC88D04 /* [CP] Copy Pods Resources */,
			);
			buildRules = (
			);
			dependencies = (
			);
			name = ArchitectureProjects;
			productName = ArchitectureProjects;
			productReference = 1E058AB51ECB3A2A00C0A0A8 /* ArchitectureProjects.app */;
			productType = "com.apple.product-type.application";
		};
/* End PBXNativeTarget section */

/* Begin PBXProject section */
		1E058AAD1ECB3A2A00C0A0A8 /* Project object */ = {
			isa = PBXProject;
			attributes = {
				CLASSPREFIX = AP;
				LastUpgradeCheck = 0830;
				ORGANIZATIONNAME = "Yauheni Drobau";
				TargetAttributes = {
					1E058AB41ECB3A2A00C0A0A8 = {
						CreatedOnToolsVersion = 8.3.1;
						DevelopmentTeam = M2W7A5AWJY;
						ProvisioningStyle = Automatic;
					};
				};
			};
			buildConfigurationList = 1E058AB01ECB3A2A00C0A0A8 /* Build configuration list for PBXProject "ArchitectureProjects" */;
			compatibilityVersion = "Xcode 3.2";
			developmentRegion = English;
			hasScannedForEncodings = 0;
			knownRegions = (
				en,
				Base,
			);
			mainGroup = 1E058AAC1ECB3A2A00C0A0A8;
			productRefGroup = 1E058AB61ECB3A2A00C0A0A8 /* Products */;
			projectDirPath = "";
			projectRoot = "";
			targets = (
				1E058AB41ECB3A2A00C0A0A8 /* ArchitectureProjects */,
			);
		};
/* End PBXProject section */

/* Begin PBXResourcesBuildPhase section */
		1E058AB31ECB3A2A00C0A0A8 /* Resources */ = {
			isa = PBXResourcesBuildPhase;
			buildActionMask = 2147483647;
			files = (
				1E058AEF1ECB3ADD00C0A0A8 /* Modals.storyboard in Resources */,
				1E058AF91ECB3ADD00C0A0A8 /* Menu.storyboard in Resources */,
				1E058AC51ECB3A2B00C0A0A8 /* Assets.xcassets in Resources */,
				1E058B051ECB42AA00C0A0A8 /* Localizable.strings in Resources */,
				1E058AF71ECB3ADD00C0A0A8 /* Main.storyboard in Resources */,
				1E058AFB1ECB3B8F00C0A0A8 /* Projects.storyboard in Resources */,
				1E058AF61ECB3ADD00C0A0A8 /* LaunchScreen.storyboard in Resources */,
				1E2571EA1ECB72F100C6107D /* APProjectCollectionViewCell.xib in Resources */,
			);
			runOnlyForDeploymentPostprocessing = 0;
		};
/* End PBXResourcesBuildPhase section */

/* Begin PBXShellScriptBuildPhase section */
		5B8B26EEE9DCB661FDC88D04 /* [CP] Copy Pods Resources */ = {
			isa = PBXShellScriptBuildPhase;
			buildActionMask = 2147483647;
			files = (
			);
			inputPaths = (
			);
			name = "[CP] Copy Pods Resources";
			outputPaths = (
			);
			runOnlyForDeploymentPostprocessing = 0;
			shellPath = /bin/sh;
			shellScript = "\"${SRCROOT}/Pods/Target Support Files/Pods-ArchitectureProjects/Pods-ArchitectureProjects-resources.sh\"\n";
			showEnvVarsInLog = 0;
		};
		6CBB035ED6EF8B0A15CD3E06 /* [CP] Check Pods Manifest.lock */ = {
			isa = PBXShellScriptBuildPhase;
			buildActionMask = 2147483647;
			files = (
			);
			inputPaths = (
			);
			name = "[CP] Check Pods Manifest.lock";
			outputPaths = (
			);
			runOnlyForDeploymentPostprocessing = 0;
			shellPath = /bin/sh;
			shellScript = "diff \"${PODS_ROOT}/../Podfile.lock\" \"${PODS_ROOT}/Manifest.lock\" > /dev/null\nif [ $? != 0 ] ; then\n    # print error to STDERR\n    echo \"error: The sandbox is not in sync with the Podfile.lock. Run 'pod install' or update your CocoaPods installation.\" >&2\n    exit 1\nfi\n";
			showEnvVarsInLog = 0;
		};
		A5B3B5A8E92D2D7B4CDB6B35 /* [CP] Embed Pods Frameworks */ = {
			isa = PBXShellScriptBuildPhase;
			buildActionMask = 2147483647;
			files = (
			);
			inputPaths = (
			);
			name = "[CP] Embed Pods Frameworks";
			outputPaths = (
			);
			runOnlyForDeploymentPostprocessing = 0;
			shellPath = /bin/sh;
			shellScript = "\"${SRCROOT}/Pods/Target Support Files/Pods-ArchitectureProjects/Pods-ArchitectureProjects-frameworks.sh\"\n";
			showEnvVarsInLog = 0;
		};
/* End PBXShellScriptBuildPhase section */

/* Begin PBXSourcesBuildPhase section */
		1E058AB11ECB3A2A00C0A0A8 /* Sources */ = {
			isa = PBXSourcesBuildPhase;
			buildActionMask = 2147483647;
			files = (
				1E058AFF1ECB3BF000C0A0A8 /* APMainViewController.m in Sources */,
				1E058ABD1ECB3A2B00C0A0A8 /* AppDelegate.m in Sources */,
				1E058AF01ECB3ADD00C0A0A8 /* ModalViewController.m in Sources */,
				1E058AF51ECB3ADD00C0A0A8 /* Utils.m in Sources */,
				1E058AED1ECB3ADD00C0A0A8 /* BaseViewController.m in Sources */,
				1E058AF11ECB3ADD00C0A0A8 /* SimpleModalVC.m in Sources */,
				1E058ABA1ECB3A2B00C0A0A8 /* main.m in Sources */,
				1E058AF21ECB3ADD00C0A0A8 /* UIViewController+ShowModal.m in Sources */,
				1E2571E81ECB72C900C6107D /* APProjectCollectionViewCell.m in Sources */,
				1E058B031ECB403B00C0A0A8 /* UIViewController+RevealViewController.m in Sources */,
				1E058AF31ECB3ADD00C0A0A8 /* RevealViewController.m in Sources */,
			);
			runOnlyForDeploymentPostprocessing = 0;
		};
/* End PBXSourcesBuildPhase section */

/* Begin XCBuildConfiguration section */
		1E058ACA1ECB3A2B00C0A0A8 /* Debug */ = {
			isa = XCBuildConfiguration;
			buildSettings = {
				ALWAYS_SEARCH_USER_PATHS = NO;
				CLANG_ANALYZER_NONNULL = YES;
				CLANG_ANALYZER_NUMBER_OBJECT_CONVERSION = YES_AGGRESSIVE;
				CLANG_CXX_LANGUAGE_STANDARD = "gnu++0x";
				CLANG_CXX_LIBRARY = "libc++";
				CLANG_ENABLE_MODULES = YES;
				CLANG_ENABLE_OBJC_ARC = YES;
				CLANG_WARN_BOOL_CONVERSION = YES;
				CLANG_WARN_CONSTANT_CONVERSION = YES;
				CLANG_WARN_DIRECT_OBJC_ISA_USAGE = YES_ERROR;
				CLANG_WARN_DOCUMENTATION_COMMENTS = YES;
				CLANG_WARN_EMPTY_BODY = YES;
				CLANG_WARN_ENUM_CONVERSION = YES;
				CLANG_WARN_INFINITE_RECURSION = YES;
				CLANG_WARN_INT_CONVERSION = YES;
				CLANG_WARN_OBJC_ROOT_CLASS = YES_ERROR;
				CLANG_WARN_SUSPICIOUS_MOVE = YES;
				CLANG_WARN_UNREACHABLE_CODE = YES;
				CLANG_WARN__DUPLICATE_METHOD_MATCH = YES;
				"CODE_SIGN_IDENTITY[sdk=iphoneos*]" = "iPhone Developer";
				COPY_PHASE_STRIP = NO;
				DEBUG_INFORMATION_FORMAT = dwarf;
				ENABLE_STRICT_OBJC_MSGSEND = YES;
				ENABLE_TESTABILITY = YES;
				GCC_C_LANGUAGE_STANDARD = gnu99;
				GCC_DYNAMIC_NO_PIC = NO;
				GCC_NO_COMMON_BLOCKS = YES;
				GCC_OPTIMIZATION_LEVEL = 0;
				GCC_PREPROCESSOR_DEFINITIONS = (
					"DEBUG=1",
					"$(inherited)",
				);
				GCC_WARN_64_TO_32_BIT_CONVERSION = YES;
				GCC_WARN_ABOUT_RETURN_TYPE = YES_ERROR;
				GCC_WARN_UNDECLARED_SELECTOR = YES;
				GCC_WARN_UNINITIALIZED_AUTOS = YES_AGGRESSIVE;
				GCC_WARN_UNUSED_FUNCTION = YES;
				GCC_WARN_UNUSED_VARIABLE = YES;
				IPHONEOS_DEPLOYMENT_TARGET = 10.3;
				MTL_ENABLE_DEBUG_INFO = YES;
				ONLY_ACTIVE_ARCH = YES;
				SDKROOT = iphoneos;
				TARGETED_DEVICE_FAMILY = "1,2";
			};
			name = Debug;
		};
		1E058ACB1ECB3A2B00C0A0A8 /* Release */ = {
			isa = XCBuildConfiguration;
			buildSettings = {
				ALWAYS_SEARCH_USER_PATHS = NO;
				CLANG_ANALYZER_NONNULL = YES;
				CLANG_ANALYZER_NUMBER_OBJECT_CONVERSION = YES_AGGRESSIVE;
				CLANG_CXX_LANGUAGE_STANDARD = "gnu++0x";
				CLANG_CXX_LIBRARY = "libc++";
				CLANG_ENABLE_MODULES = YES;
				CLANG_ENABLE_OBJC_ARC = YES;
				CLANG_WARN_BOOL_CONVERSION = YES;
				CLANG_WARN_CONSTANT_CONVERSION = YES;
				CLANG_WARN_DIRECT_OBJC_ISA_USAGE = YES_ERROR;
				CLANG_WARN_DOCUMENTATION_COMMENTS = YES;
				CLANG_WARN_EMPTY_BODY = YES;
				CLANG_WARN_ENUM_CONVERSION = YES;
				CLANG_WARN_INFINITE_RECURSION = YES;
				CLANG_WARN_INT_CONVERSION = YES;
				CLANG_WARN_OBJC_ROOT_CLASS = YES_ERROR;
				CLANG_WARN_SUSPICIOUS_MOVE = YES;
				CLANG_WARN_UNREACHABLE_CODE = YES;
				CLANG_WARN__DUPLICATE_METHOD_MATCH = YES;
				"CODE_SIGN_IDENTITY[sdk=iphoneos*]" = "iPhone Developer";
				COPY_PHASE_STRIP = NO;
				DEBUG_INFORMATION_FORMAT = "dwarf-with-dsym";
				ENABLE_NS_ASSERTIONS = NO;
				ENABLE_STRICT_OBJC_MSGSEND = YES;
				GCC_C_LANGUAGE_STANDARD = gnu99;
				GCC_NO_COMMON_BLOCKS = YES;
				GCC_WARN_64_TO_32_BIT_CONVERSION = YES;
				GCC_WARN_ABOUT_RETURN_TYPE = YES_ERROR;
				GCC_WARN_UNDECLARED_SELECTOR = YES;
				GCC_WARN_UNINITIALIZED_AUTOS = YES_AGGRESSIVE;
				GCC_WARN_UNUSED_FUNCTION = YES;
				GCC_WARN_UNUSED_VARIABLE = YES;
				IPHONEOS_DEPLOYMENT_TARGET = 10.3;
				MTL_ENABLE_DEBUG_INFO = NO;
				SDKROOT = iphoneos;
				TARGETED_DEVICE_FAMILY = "1,2";
				VALIDATE_PRODUCT = YES;
			};
			name = Release;
		};
		1E058ACD1ECB3A2B00C0A0A8 /* Debug */ = {
			isa = XCBuildConfiguration;
			baseConfigurationReference = 342321D58C6FD923269C5F1B /* Pods-ArchitectureProjects.debug.xcconfig */;
			buildSettings = {
				ASSETCATALOG_COMPILER_APPICON_NAME = AppIcon;
				DEVELOPMENT_TEAM = M2W7A5AWJY;
				INFOPLIST_FILE = ArchitectureProjects/Info.plist;
				LD_RUNPATH_SEARCH_PATHS = "$(inherited) @executable_path/Frameworks";
				PRODUCT_BUNDLE_IDENTIFIER = com.drobov.ArchitectureProjects;
				PRODUCT_NAME = "$(TARGET_NAME)";
			};
			name = Debug;
		};
		1E058ACE1ECB3A2B00C0A0A8 /* Release */ = {
			isa = XCBuildConfiguration;
			baseConfigurationReference = A7A492E0CA0D2D836BD053E8 /* Pods-ArchitectureProjects.release.xcconfig */;
			buildSettings = {
				ASSETCATALOG_COMPILER_APPICON_NAME = AppIcon;
				DEVELOPMENT_TEAM = M2W7A5AWJY;
				INFOPLIST_FILE = ArchitectureProjects/Info.plist;
				LD_RUNPATH_SEARCH_PATHS = "$(inherited) @executable_path/Frameworks";
				PRODUCT_BUNDLE_IDENTIFIER = com.drobov.ArchitectureProjects;
				PRODUCT_NAME = "$(TARGET_NAME)";
			};
			name = Release;
		};
/* End XCBuildConfiguration section */

/* Begin XCConfigurationList section */
		1E058AB01ECB3A2A00C0A0A8 /* Build configuration list for PBXProject "ArchitectureProjects" */ = {
			isa = XCConfigurationList;
			buildConfigurations = (
				1E058ACA1ECB3A2B00C0A0A8 /* Debug */,
				1E058ACB1ECB3A2B00C0A0A8 /* Release */,
			);
			defaultConfigurationIsVisible = 0;
			defaultConfigurationName = Release;
		};
		1E058ACC1ECB3A2B00C0A0A8 /* Build configuration list for PBXNativeTarget "ArchitectureProjects" */ = {
			isa = XCConfigurationList;
			buildConfigurations = (
				1E058ACD1ECB3A2B00C0A0A8 /* Debug */,
				1E058ACE1ECB3A2B00C0A0A8 /* Release */,
			);
			defaultConfigurationIsVisible = 0;
			defaultConfigurationName = Release;
		};
/* End XCConfigurationList section */
	};
	rootObject = 1E058AAD1ECB3A2A00C0A0A8 /* Project object */;
}
